// !$*UTF8*$!
{
	archiveVersion = 1;
	classes = {
	};
	objectVersion = 46;
	objects = {

/* Begin PBXBuildFile section */
		B3C971C21AD1A32700CD1DD9 /* !!!use as output folder.xml in Resources */ = {isa = PBXBuildFile; fileRef = B3C971BF1AD1A32700CD1DD9 /* !!!use as output folder.xml */; };
		B3C971D31AD285D500CD1DD9 /* AppDelegate.swift in Sources */ = {isa = PBXBuildFile; fileRef = B3C971D11AD285D500CD1DD9 /* AppDelegate.swift */; };
		B3C971D41AD285D500CD1DD9 /* ViewController.swift in Sources */ = {isa = PBXBuildFile; fileRef = B3C971D21AD285D500CD1DD9 /* ViewController.swift */; };
		B3C971ED1AD2866F00CD1DD9 /* WLFavdef.m in Sources */ = {isa = PBXBuildFile; fileRef = B3C971E61AD2866F00CD1DD9 /* WLFavdef.m */; };
		B3C971EE1AD2866F00CD1DD9 /* WLFG+File.m in Sources */ = {isa = PBXBuildFile; fileRef = B3C971E81AD2866F00CD1DD9 /* WLFG+File.m */; };
		B3C971EF1AD2866F00CD1DD9 /* WLFG.m in Sources */ = {isa = PBXBuildFile; fileRef = B3C971EA1AD2866F00CD1DD9 /* WLFG.m */; };
		B3C971F01AD2866F00CD1DD9 /* WLGroupdef.m in Sources */ = {isa = PBXBuildFile; fileRef = B3C971EC1AD2866F00CD1DD9 /* WLGroupdef.m */; };
		B3C971F21AD2873800CD1DD9 /* libxml2.dylib in Frameworks */ = {isa = PBXBuildFile; fileRef = B3C971F11AD2873800CD1DD9 /* libxml2.dylib */; };
		B3C971F31AD2874200CD1DD9 /* libxml2.dylib in Frameworks */ = {isa = PBXBuildFile; fileRef = B3C971F11AD2873800CD1DD9 /* libxml2.dylib */; };
		B3C971FC1AD287B000CD1DD9 /* !!!use as output folder.xml in Resources */ = {isa = PBXBuildFile; fileRef = B3C971F51AD287B000CD1DD9 /* !!!use as output folder.xml */; };
		B3C971FD1AD287B000CD1DD9 /* WLFavdef.swift in Sources */ = {isa = PBXBuildFile; fileRef = B3C971F81AD287B000CD1DD9 /* WLFavdef.swift */; };
		B3C971FE1AD287B000CD1DD9 /* WLFG+File.swift in Sources */ = {isa = PBXBuildFile; fileRef = B3C971F91AD287B000CD1DD9 /* WLFG+File.swift */; };
		B3C971FF1AD287B000CD1DD9 /* WLFG.swift in Sources */ = {isa = PBXBuildFile; fileRef = B3C971FA1AD287B000CD1DD9 /* WLFG.swift */; };
		B3C972001AD287B000CD1DD9 /* WLGroupdef.swift in Sources */ = {isa = PBXBuildFile; fileRef = B3C971FB1AD287B000CD1DD9 /* WLGroupdef.swift */; };
		B46EE15E1A58D2AE00FB6B96 /* Main.storyboard in Resources */ = {isa = PBXBuildFile; fileRef = B46EE15C1A58D2AE00FB6B96 /* Main.storyboard */; };
		B46EE1601A58D2AE00FB6B96 /* Images.xcassets in Resources */ = {isa = PBXBuildFile; fileRef = B46EE15F1A58D2AE00FB6B96 /* Images.xcassets */; };
		B46EE1631A58D2AE00FB6B96 /* LaunchScreen.xib in Resources */ = {isa = PBXBuildFile; fileRef = B46EE1611A58D2AE00FB6B96 /* LaunchScreen.xib */; };
		B46EE17A1A593EE100FB6B96 /* weblinks.xml in Resources */ = {isa = PBXBuildFile; fileRef = B48A9BAE185E5EBA00A4C3D2 /* weblinks.xml */; };
		B48C8E971A5ABB3B0024E817 /* AppDelegate.m in Sources */ = {isa = PBXBuildFile; fileRef = B48C8E961A5ABB3B0024E817 /* AppDelegate.m */; };
		B48C8E991A5ABB3B0024E817 /* main.m in Sources */ = {isa = PBXBuildFile; fileRef = B48C8E981A5ABB3B0024E817 /* main.m */; };
		B48C8E9B1A5ABB3B0024E817 /* Images.xcassets in Resources */ = {isa = PBXBuildFile; fileRef = B48C8E9A1A5ABB3B0024E817 /* Images.xcassets */; };
		B48C8E9E1A5ABB3B0024E817 /* MainMenu.xib in Resources */ = {isa = PBXBuildFile; fileRef = B48C8E9C1A5ABB3B0024E817 /* MainMenu.xib */; };
		B48C8EB11A5ABBE90024E817 /* weblinks.xml in Resources */ = {isa = PBXBuildFile; fileRef = B48A9BAE185E5EBA00A4C3D2 /* weblinks.xml */; };
/* End PBXBuildFile section */

/* Begin PBXCopyFilesBuildPhase section */
		B48C8E671A5ABA7B0024E817 /* CopyFiles */ = {
			isa = PBXCopyFilesBuildPhase;
			buildActionMask = 2147483647;
			dstPath = "";
			dstSubfolderSpec = 10;
			files = (
			);
			runOnlyForDeploymentPostprocessing = 0;
		};
		B48C8EBB1A5AC0C30024E817 /* CopyFiles */ = {
			isa = PBXCopyFilesBuildPhase;
			buildActionMask = 2147483647;
			dstPath = "";
			dstSubfolderSpec = 10;
			files = (
			);
			runOnlyForDeploymentPostprocessing = 0;
		};
/* End PBXCopyFilesBuildPhase section */

/* Begin PBXFileReference section */
		B3C971BF1AD1A32700CD1DD9 /* !!!use as output folder.xml */ = {isa = PBXFileReference; fileEncoding = 4; lastKnownFileType = text.xml; path = "!!!use as output folder.xml"; sourceTree = "<group>"; };
		B3C971D11AD285D500CD1DD9 /* AppDelegate.swift */ = {isa = PBXFileReference; fileEncoding = 4; lastKnownFileType = sourcecode.swift; path = AppDelegate.swift; sourceTree = "<group>"; };
		B3C971D21AD285D500CD1DD9 /* ViewController.swift */ = {isa = PBXFileReference; fileEncoding = 4; lastKnownFileType = sourcecode.swift; path = ViewController.swift; sourceTree = "<group>"; };
		B3C971E41AD2866F00CD1DD9 /* weblinks.h */ = {isa = PBXFileReference; fileEncoding = 4; lastKnownFileType = sourcecode.c.h; path = weblinks.h; sourceTree = "<group>"; };
		B3C971E51AD2866F00CD1DD9 /* WLFavdef.h */ = {isa = PBXFileReference; fileEncoding = 4; lastKnownFileType = sourcecode.c.h; path = WLFavdef.h; sourceTree = "<group>"; };
		B3C971E61AD2866F00CD1DD9 /* WLFavdef.m */ = {isa = PBXFileReference; fileEncoding = 4; lastKnownFileType = sourcecode.c.objc; path = WLFavdef.m; sourceTree = "<group>"; };
		B3C971E71AD2866F00CD1DD9 /* WLFG+File.h */ = {isa = PBXFileReference; fileEncoding = 4; lastKnownFileType = sourcecode.c.h; path = "WLFG+File.h"; sourceTree = "<group>"; };
		B3C971E81AD2866F00CD1DD9 /* WLFG+File.m */ = {isa = PBXFileReference; fileEncoding = 4; lastKnownFileType = sourcecode.c.objc; path = "WLFG+File.m"; sourceTree = "<group>"; };
		B3C971E91AD2866F00CD1DD9 /* WLFG.h */ = {isa = PBXFileReference; fileEncoding = 4; lastKnownFileType = sourcecode.c.h; path = WLFG.h; sourceTree = "<group>"; };
		B3C971EA1AD2866F00CD1DD9 /* WLFG.m */ = {isa = PBXFileReference; fileEncoding = 4; lastKnownFileType = sourcecode.c.objc; path = WLFG.m; sourceTree = "<group>"; };
		B3C971EB1AD2866F00CD1DD9 /* WLGroupdef.h */ = {isa = PBXFileReference; fileEncoding = 4; lastKnownFileType = sourcecode.c.h; path = WLGroupdef.h; sourceTree = "<group>"; };
		B3C971EC1AD2866F00CD1DD9 /* WLGroupdef.m */ = {isa = PBXFileReference; fileEncoding = 4; lastKnownFileType = sourcecode.c.objc; path = WLGroupdef.m; sourceTree = "<group>"; };
		B3C971F11AD2873800CD1DD9 /* libxml2.dylib */ = {isa = PBXFileReference; lastKnownFileType = "compiled.mach-o.dylib"; name = libxml2.dylib; path = Platforms/iPhoneOS.platform/Developer/SDKs/iPhoneOS8.2.sdk/usr/lib/libxml2.dylib; sourceTree = DEVELOPER_DIR; };
		B3C971F51AD287B000CD1DD9 /* !!!use as output folder.xml */ = {isa = PBXFileReference; fileEncoding = 4; lastKnownFileType = text.xml; path = "!!!use as output folder.xml"; sourceTree = "<group>"; };
		B3C971F71AD287B000CD1DD9 /* libxml-bridging-header.h */ = {isa = PBXFileReference; fileEncoding = 4; lastKnownFileType = sourcecode.c.h; path = "libxml-bridging-header.h"; sourceTree = "<group>"; };
		B3C971F81AD287B000CD1DD9 /* WLFavdef.swift */ = {isa = PBXFileReference; fileEncoding = 4; lastKnownFileType = sourcecode.swift; path = WLFavdef.swift; sourceTree = "<group>"; };
		B3C971F91AD287B000CD1DD9 /* WLFG+File.swift */ = {isa = PBXFileReference; fileEncoding = 4; lastKnownFileType = sourcecode.swift; path = "WLFG+File.swift"; sourceTree = "<group>"; };
		B3C971FA1AD287B000CD1DD9 /* WLFG.swift */ = {isa = PBXFileReference; fileEncoding = 4; lastKnownFileType = sourcecode.swift; path = WLFG.swift; sourceTree = "<group>"; };
		B3C971FB1AD287B000CD1DD9 /* WLGroupdef.swift */ = {isa = PBXFileReference; fileEncoding = 4; lastKnownFileType = sourcecode.swift; path = WLGroupdef.swift; sourceTree = "<group>"; };
		B46EE1501A58D2AE00FB6B96 /* weblinks-ios-SWIFT.app */ = {isa = PBXFileReference; explicitFileType = wrapper.application; includeInIndex = 0; path = "weblinks-ios-SWIFT.app"; sourceTree = BUILT_PRODUCTS_DIR; };
		B46EE1531A58D2AE00FB6B96 /* Info.plist */ = {isa = PBXFileReference; lastKnownFileType = text.plist.xml; path = Info.plist; sourceTree = "<group>"; };
		B46EE15D1A58D2AE00FB6B96 /* Base */ = {isa = PBXFileReference; lastKnownFileType = file.storyboard; name = Base; path = Base.lproj/Main.storyboard; sourceTree = "<group>"; };
		B46EE15F1A58D2AE00FB6B96 /* Images.xcassets */ = {isa = PBXFileReference; lastKnownFileType = folder.assetcatalog; path = Images.xcassets; sourceTree = "<group>"; };
		B46EE1621A58D2AE00FB6B96 /* Base */ = {isa = PBXFileReference; lastKnownFileType = file.xib; name = Base; path = Base.lproj/LaunchScreen.xib; sourceTree = "<group>"; };
		B48A9BAE185E5EBA00A4C3D2 /* weblinks.xml */ = {isa = PBXFileReference; fileEncoding = 4; lastKnownFileType = text.xml; path = weblinks.xml; sourceTree = "<group>"; };
		B48C8E911A5ABB3B0024E817 /* weblinks-osx-OBJC.app */ = {isa = PBXFileReference; explicitFileType = wrapper.application; includeInIndex = 0; path = "weblinks-osx-OBJC.app"; sourceTree = BUILT_PRODUCTS_DIR; };
		B48C8E941A5ABB3B0024E817 /* Info.plist */ = {isa = PBXFileReference; lastKnownFileType = text.plist.xml; path = Info.plist; sourceTree = "<group>"; };
		B48C8E951A5ABB3B0024E817 /* AppDelegate.h */ = {isa = PBXFileReference; lastKnownFileType = sourcecode.c.h; path = AppDelegate.h; sourceTree = "<group>"; };
		B48C8E961A5ABB3B0024E817 /* AppDelegate.m */ = {isa = PBXFileReference; lastKnownFileType = sourcecode.c.objc; path = AppDelegate.m; sourceTree = "<group>"; };
		B48C8E981A5ABB3B0024E817 /* main.m */ = {isa = PBXFileReference; lastKnownFileType = sourcecode.c.objc; path = main.m; sourceTree = "<group>"; };
		B48C8E9A1A5ABB3B0024E817 /* Images.xcassets */ = {isa = PBXFileReference; lastKnownFileType = folder.assetcatalog; path = Images.xcassets; sourceTree = "<group>"; };
		B48C8E9D1A5ABB3B0024E817 /* Base */ = {isa = PBXFileReference; lastKnownFileType = file.xib; name = Base; path = Base.lproj/MainMenu.xib; sourceTree = "<group>"; };
		B4D65C38185C96D600D1BE85 /* Foundation.framework */ = {isa = PBXFileReference; lastKnownFileType = wrapper.framework; name = Foundation.framework; path = System/Library/Frameworks/Foundation.framework; sourceTree = SDKROOT; };
/* End PBXFileReference section */

/* Begin PBXFrameworksBuildPhase section */
		B46EE14D1A58D2AE00FB6B96 /* Frameworks */ = {
			isa = PBXFrameworksBuildPhase;
			buildActionMask = 2147483647;
			files = (
				B3C971F21AD2873800CD1DD9 /* libxml2.dylib in Frameworks */,
			);
			runOnlyForDeploymentPostprocessing = 0;
		};
		B48C8E8E1A5ABB3B0024E817 /* Frameworks */ = {
			isa = PBXFrameworksBuildPhase;
			buildActionMask = 2147483647;
			files = (
				B3C971F31AD2874200CD1DD9 /* libxml2.dylib in Frameworks */,
			);
			runOnlyForDeploymentPostprocessing = 0;
		};
/* End PBXFrameworksBuildPhase section */

/* Begin PBXGroup section */
		B3C971BE1AD1A32700CD1DD9 /* generated */ = {
			isa = PBXGroup;
			children = (
				B3C971E31AD2866F00CD1DD9 /* Sources */,
				B3C971BF1AD1A32700CD1DD9 /* !!!use as output folder.xml */,
			);
			path = generated;
			sourceTree = "<group>";
		};
		B3C971E31AD2866F00CD1DD9 /* Sources */ = {
			isa = PBXGroup;
			children = (
				B3C971E41AD2866F00CD1DD9 /* weblinks.h */,
				B3C971E51AD2866F00CD1DD9 /* WLFavdef.h */,
				B3C971E61AD2866F00CD1DD9 /* WLFavdef.m */,
				B3C971E71AD2866F00CD1DD9 /* WLFG+File.h */,
				B3C971E81AD2866F00CD1DD9 /* WLFG+File.m */,
				B3C971E91AD2866F00CD1DD9 /* WLFG.h */,
				B3C971EA1AD2866F00CD1DD9 /* WLFG.m */,
				B3C971EB1AD2866F00CD1DD9 /* WLGroupdef.h */,
				B3C971EC1AD2866F00CD1DD9 /* WLGroupdef.m */,
			);
			path = Sources;
			sourceTree = "<group>";
		};
		B3C971F41AD287B000CD1DD9 /* generated */ = {
			isa = PBXGroup;
			children = (
				B3C971F51AD287B000CD1DD9 /* !!!use as output folder.xml */,
				B3C971F61AD287B000CD1DD9 /* Sources */,
			);
			path = generated;
			sourceTree = "<group>";
		};
		B3C971F61AD287B000CD1DD9 /* Sources */ = {
			isa = PBXGroup;
			children = (
				B3C971F71AD287B000CD1DD9 /* libxml-bridging-header.h */,
				B3C971F81AD287B000CD1DD9 /* WLFavdef.swift */,
				B3C971F91AD287B000CD1DD9 /* WLFG+File.swift */,
				B3C971FA1AD287B000CD1DD9 /* WLFG.swift */,
				B3C971FB1AD287B000CD1DD9 /* WLGroupdef.swift */,
			);
			path = Sources;
			sourceTree = "<group>";
		};
		B46EE1511A58D2AE00FB6B96 /* weblinks-ios */ = {
			isa = PBXGroup;
			children = (
				B3C971F41AD287B000CD1DD9 /* generated */,
				B3C971D11AD285D500CD1DD9 /* AppDelegate.swift */,
				B3C971D21AD285D500CD1DD9 /* ViewController.swift */,
				B46EE15C1A58D2AE00FB6B96 /* Main.storyboard */,
				B46EE15F1A58D2AE00FB6B96 /* Images.xcassets */,
				B46EE1611A58D2AE00FB6B96 /* LaunchScreen.xib */,
				B46EE1521A58D2AE00FB6B96 /* Supporting Files */,
			);
			path = "weblinks-ios";
			sourceTree = "<group>";
		};
		B46EE1521A58D2AE00FB6B96 /* Supporting Files */ = {
			isa = PBXGroup;
			children = (
				B46EE1531A58D2AE00FB6B96 /* Info.plist */,
			);
			name = "Supporting Files";
			sourceTree = "<group>";
		};
		B48C8E921A5ABB3B0024E817 /* weblinks-osx */ = {
			isa = PBXGroup;
			children = (
				B3C971BE1AD1A32700CD1DD9 /* generated */,
				B48C8E951A5ABB3B0024E817 /* AppDelegate.h */,
				B48C8E961A5ABB3B0024E817 /* AppDelegate.m */,
				B48C8E9A1A5ABB3B0024E817 /* Images.xcassets */,
				B48C8E9C1A5ABB3B0024E817 /* MainMenu.xib */,
				B48C8E931A5ABB3B0024E817 /* Supporting Files */,
			);
			path = "weblinks-osx";
			sourceTree = "<group>";
		};
		B48C8E931A5ABB3B0024E817 /* Supporting Files */ = {
			isa = PBXGroup;
			children = (
				B48C8E941A5ABB3B0024E817 /* Info.plist */,
				B48C8E981A5ABB3B0024E817 /* main.m */,
			);
			name = "Supporting Files";
			sourceTree = "<group>";
		};
		B4D65C2C185C96D600D1BE85 = {
			isa = PBXGroup;
			children = (
				B48A9BAE185E5EBA00A4C3D2 /* weblinks.xml */,
				B46EE1511A58D2AE00FB6B96 /* weblinks-ios */,
				B48C8E921A5ABB3B0024E817 /* weblinks-osx */,
				B4D65C37185C96D600D1BE85 /* Frameworks */,
				B4D65C36185C96D600D1BE85 /* Products */,
			);
			sourceTree = "<group>";
		};
		B4D65C36185C96D600D1BE85 /* Products */ = {
			isa = PBXGroup;
			children = (
				B46EE1501A58D2AE00FB6B96 /* weblinks-ios-SWIFT.app */,
				B48C8E911A5ABB3B0024E817 /* weblinks-osx-OBJC.app */,
			);
			name = Products;
			sourceTree = "<group>";
		};
		B4D65C37185C96D600D1BE85 /* Frameworks */ = {
			isa = PBXGroup;
			children = (
				B3C971F11AD2873800CD1DD9 /* libxml2.dylib */,
				B4D65C38185C96D600D1BE85 /* Foundation.framework */,
			);
			name = Frameworks;
			sourceTree = "<group>";
		};
/* End PBXGroup section */

/* Begin PBXNativeTarget section */
		B46EE14F1A58D2AE00FB6B96 /* weblinks-ios-SWIFT */ = {
			isa = PBXNativeTarget;
			buildConfigurationList = B46EE1701A58D2AF00FB6B96 /* Build configuration list for PBXNativeTarget "weblinks-ios-SWIFT" */;
			buildPhases = (
				B46EE14C1A58D2AE00FB6B96 /* Sources */,
				B46EE14D1A58D2AE00FB6B96 /* Frameworks */,
				B46EE14E1A58D2AE00FB6B96 /* Resources */,
				B48C8E671A5ABA7B0024E817 /* CopyFiles */,
			);
			buildRules = (
			);
			dependencies = (
			);
			name = "weblinks-ios-SWIFT";
			productName = "weblinks-ios";
			productReference = B46EE1501A58D2AE00FB6B96 /* weblinks-ios-SWIFT.app */;
			productType = "com.apple.product-type.application";
		};
		B48C8E901A5ABB3B0024E817 /* weblinks-osx-OBJC */ = {
			isa = PBXNativeTarget;
			buildConfigurationList = B48C8EAB1A5ABB3B0024E817 /* Build configuration list for PBXNativeTarget "weblinks-osx-OBJC" */;
			buildPhases = (
				B48C8E8D1A5ABB3B0024E817 /* Sources */,
				B48C8E8E1A5ABB3B0024E817 /* Frameworks */,
				B48C8E8F1A5ABB3B0024E817 /* Resources */,
				B48C8EBB1A5AC0C30024E817 /* CopyFiles */,
			);
			buildRules = (
			);
			dependencies = (
			);
			name = "weblinks-osx-OBJC";
			productName = "weblinks-osx";
			productReference = B48C8E911A5ABB3B0024E817 /* weblinks-osx-OBJC.app */;
			productType = "com.apple.product-type.application";
		};
/* End PBXNativeTarget section */

/* Begin PBXProject section */
		B4D65C2D185C96D600D1BE85 /* Project object */ = {
			isa = PBXProject;
			attributes = {
				LastUpgradeCheck = 0500;
				ORGANIZATIONNAME = "Dominik Pich";
				TargetAttributes = {
					B46EE14F1A58D2AE00FB6B96 = {
						CreatedOnToolsVersion = 6.2;
					};
					B48C8E901A5ABB3B0024E817 = {
						CreatedOnToolsVersion = 6.2;
					};
				};
			};
			buildConfigurationList = B4D65C30185C96D600D1BE85 /* Build configuration list for PBXProject "weblinks" */;
			compatibilityVersion = "Xcode 3.2";
			developmentRegion = English;
			hasScannedForEncodings = 0;
			knownRegions = (
				en,
				Base,
			);
			mainGroup = B4D65C2C185C96D600D1BE85;
			productRefGroup = B4D65C36185C96D600D1BE85 /* Products */;
			projectDirPath = "";
			projectRoot = "";
			targets = (
				B46EE14F1A58D2AE00FB6B96 /* weblinks-ios-SWIFT */,
				B48C8E901A5ABB3B0024E817 /* weblinks-osx-OBJC */,
			);
		};
/* End PBXProject section */

/* Begin PBXResourcesBuildPhase section */
		B46EE14E1A58D2AE00FB6B96 /* Resources */ = {
			isa = PBXResourcesBuildPhase;
			buildActionMask = 2147483647;
			files = (
				B46EE17A1A593EE100FB6B96 /* weblinks.xml in Resources */,
				B46EE15E1A58D2AE00FB6B96 /* Main.storyboard in Resources */,
				B46EE1631A58D2AE00FB6B96 /* LaunchScreen.xib in Resources */,
				B46EE1601A58D2AE00FB6B96 /* Images.xcassets in Resources */,
				B3C971FC1AD287B000CD1DD9 /* !!!use as output folder.xml in Resources */,
			);
			runOnlyForDeploymentPostprocessing = 0;
		};
		B48C8E8F1A5ABB3B0024E817 /* Resources */ = {
			isa = PBXResourcesBuildPhase;
			buildActionMask = 2147483647;
			files = (
				B48C8E9B1A5ABB3B0024E817 /* Images.xcassets in Resources */,
				B48C8E9E1A5ABB3B0024E817 /* MainMenu.xib in Resources */,
				B48C8EB11A5ABBE90024E817 /* weblinks.xml in Resources */,
				B3C971C21AD1A32700CD1DD9 /* !!!use as output folder.xml in Resources */,
			);
			runOnlyForDeploymentPostprocessing = 0;
		};
/* End PBXResourcesBuildPhase section */

/* Begin PBXSourcesBuildPhase section */
		B46EE14C1A58D2AE00FB6B96 /* Sources */ = {
			isa = PBXSourcesBuildPhase;
			buildActionMask = 2147483647;
			files = (
				B3C971FE1AD287B000CD1DD9 /* WLFG+File.swift in Sources */,
				B3C971FD1AD287B000CD1DD9 /* WLFavdef.swift in Sources */,
				B3C971D41AD285D500CD1DD9 /* ViewController.swift in Sources */,
				B3C972001AD287B000CD1DD9 /* WLGroupdef.swift in Sources */,
				B3C971D31AD285D500CD1DD9 /* AppDelegate.swift in Sources */,
				B3C971FF1AD287B000CD1DD9 /* WLFG.swift in Sources */,
			);
			runOnlyForDeploymentPostprocessing = 0;
		};
		B48C8E8D1A5ABB3B0024E817 /* Sources */ = {
			isa = PBXSourcesBuildPhase;
			buildActionMask = 2147483647;
			files = (
				B3C971F01AD2866F00CD1DD9 /* WLGroupdef.m in Sources */,
				B3C971EF1AD2866F00CD1DD9 /* WLFG.m in Sources */,
				B48C8E991A5ABB3B0024E817 /* main.m in Sources */,
				B3C971EE1AD2866F00CD1DD9 /* WLFG+File.m in Sources */,
				B3C971ED1AD2866F00CD1DD9 /* WLFavdef.m in Sources */,
				B48C8E971A5ABB3B0024E817 /* AppDelegate.m in Sources */,
			);
			runOnlyForDeploymentPostprocessing = 0;
		};
/* End PBXSourcesBuildPhase section */

/* Begin PBXVariantGroup section */
		B46EE15C1A58D2AE00FB6B96 /* Main.storyboard */ = {
			isa = PBXVariantGroup;
			children = (
				B46EE15D1A58D2AE00FB6B96 /* Base */,
			);
			name = Main.storyboard;
			sourceTree = "<group>";
		};
		B46EE1611A58D2AE00FB6B96 /* LaunchScreen.xib */ = {
			isa = PBXVariantGroup;
			children = (
				B46EE1621A58D2AE00FB6B96 /* Base */,
			);
			name = LaunchScreen.xib;
			sourceTree = "<group>";
		};
		B48C8E9C1A5ABB3B0024E817 /* MainMenu.xib */ = {
			isa = PBXVariantGroup;
			children = (
				B48C8E9D1A5ABB3B0024E817 /* Base */,
			);
			name = MainMenu.xib;
			sourceTree = "<group>";
		};
/* End PBXVariantGroup section */

/* Begin XCBuildConfiguration section */
		B46EE1711A58D2AF00FB6B96 /* Debug */ = {
			isa = XCBuildConfiguration;
			buildSettings = {
				ASSETCATALOG_COMPILER_APPICON_NAME = AppIcon;
				CLANG_ENABLE_MODULES = YES;
				CLANG_WARN_UNREACHABLE_CODE = YES;
				"CODE_SIGN_IDENTITY[sdk=iphoneos*]" = "iPhone Developer";
				ENABLE_STRICT_OBJC_MSGSEND = YES;
				FRAMEWORK_SEARCH_PATHS = (
					"$(inherited)",
					"$(PROJECT_DIR)/generated",
					"$(PROJECT_DIR)/generated/Products/IOS",
				);
				GCC_PREPROCESSOR_DEFINITIONS = (
					"DEBUG=1",
					"$(inherited)",
				);
				GCC_WARN_UNINITIALIZED_AUTOS = YES_AGGRESSIVE;
				INFOPLIST_FILE = "weblinks-ios/Info.plist";
				IPHONEOS_DEPLOYMENT_TARGET = 8.2;
				LD_RUNPATH_SEARCH_PATHS = "$(inherited) @executable_path/Frameworks";
				MTL_ENABLE_DEBUG_INFO = YES;
				PRODUCT_NAME = "$(TARGET_NAME)";
				SDKROOT = iphoneos;
				SWIFT_OBJC_BRIDGING_HEADER = "./weblinks-ios/generated/Sources/libxml-bridging-header.h";
				TARGETED_DEVICE_FAMILY = "1,2";
			};
			name = Debug;
		};
		B46EE1721A58D2AF00FB6B96 /* Release */ = {
			isa = XCBuildConfiguration;
			buildSettings = {
				ASSETCATALOG_COMPILER_APPICON_NAME = AppIcon;
				CLANG_ENABLE_MODULES = YES;
				CLANG_WARN_UNREACHABLE_CODE = YES;
				"CODE_SIGN_IDENTITY[sdk=iphoneos*]" = "iPhone Developer";
				ENABLE_STRICT_OBJC_MSGSEND = YES;
				FRAMEWORK_SEARCH_PATHS = (
					"$(inherited)",
					"$(PROJECT_DIR)/generated",
					"$(PROJECT_DIR)/generated/Products/IOS",
				);
				GCC_WARN_UNINITIALIZED_AUTOS = YES_AGGRESSIVE;
				INFOPLIST_FILE = "weblinks-ios/Info.plist";
				IPHONEOS_DEPLOYMENT_TARGET = 8.2;
				LD_RUNPATH_SEARCH_PATHS = "$(inherited) @executable_path/Frameworks";
				MTL_ENABLE_DEBUG_INFO = NO;
				PRODUCT_NAME = "$(TARGET_NAME)";
				SDKROOT = iphoneos;
				SWIFT_OBJC_BRIDGING_HEADER = "./weblinks-ios/generated/Sources/libxml-bridging-header.h";
				TARGETED_DEVICE_FAMILY = "1,2";
				VALIDATE_PRODUCT = YES;
			};
			name = Release;
		};
		B48C8EAC1A5ABB3B0024E817 /* Debug */ = {
			isa = XCBuildConfiguration;
			buildSettings = {
				ASSETCATALOG_COMPILER_APPICON_NAME = AppIcon;
				CLANG_ENABLE_MODULES = YES;
				CLANG_WARN_UNREACHABLE_CODE = YES;
				CODE_SIGN_IDENTITY = "-";
				COMBINE_HIDPI_IMAGES = YES;
				ENABLE_STRICT_OBJC_MSGSEND = YES;
				GCC_PREPROCESSOR_DEFINITIONS = (
					"DEBUG=1",
					"$(inherited)",
				);
				GCC_WARN_UNINITIALIZED_AUTOS = YES_AGGRESSIVE;
				INFOPLIST_FILE = "weblinks-osx/Info.plist";
				MACOSX_DEPLOYMENT_TARGET = 10.10;
				MTL_ENABLE_DEBUG_INFO = YES;
				PRODUCT_NAME = "$(TARGET_NAME)";
			};
			name = Debug;
		};
		B48C8EAD1A5ABB3B0024E817 /* Release */ = {
			isa = XCBuildConfiguration;
			buildSettings = {
				ASSETCATALOG_COMPILER_APPICON_NAME = AppIcon;
				CLANG_ENABLE_MODULES = YES;
				CLANG_WARN_UNREACHABLE_CODE = YES;
				CODE_SIGN_IDENTITY = "-";
				COMBINE_HIDPI_IMAGES = YES;
				ENABLE_STRICT_OBJC_MSGSEND = YES;
				GCC_WARN_UNINITIALIZED_AUTOS = YES_AGGRESSIVE;
				INFOPLIST_FILE = "weblinks-osx/Info.plist";
				MACOSX_DEPLOYMENT_TARGET = 10.10;
				MTL_ENABLE_DEBUG_INFO = NO;
				PRODUCT_NAME = "$(TARGET_NAME)";
			};
			name = Release;
		};
		B4D65C41185C96D600D1BE85 /* Debug */ = {
			isa = XCBuildConfiguration;
			buildSettings = {
				ALWAYS_SEARCH_USER_PATHS = NO;
				CLANG_CXX_LANGUAGE_STANDARD = "gnu++0x";
				CLANG_CXX_LIBRARY = "libc++";
				CLANG_ENABLE_OBJC_ARC = YES;
				CLANG_WARN_BOOL_CONVERSION = YES;
				CLANG_WARN_CONSTANT_CONVERSION = YES;
				CLANG_WARN_DIRECT_OBJC_ISA_USAGE = YES_ERROR;
				CLANG_WARN_EMPTY_BODY = YES;
				CLANG_WARN_ENUM_CONVERSION = YES;
				CLANG_WARN_INT_CONVERSION = YES;
				CLANG_WARN_OBJC_ROOT_CLASS = YES_ERROR;
				CLANG_WARN__DUPLICATE_METHOD_MATCH = YES;
				COPY_PHASE_STRIP = NO;
				GCC_C_LANGUAGE_STANDARD = gnu99;
				GCC_DYNAMIC_NO_PIC = NO;
				GCC_ENABLE_OBJC_EXCEPTIONS = YES;
				GCC_OPTIMIZATION_LEVEL = 0;
				GCC_PREPROCESSOR_DEFINITIONS = (
					"DEBUG=1",
					"$(inherited)",
				);
				GCC_SYMBOLS_PRIVATE_EXTERN = NO;
				GCC_WARN_64_TO_32_BIT_CONVERSION = YES;
				GCC_WARN_ABOUT_RETURN_TYPE = YES_ERROR;
				GCC_WARN_UNDECLARED_SELECTOR = YES;
				GCC_WARN_UNINITIALIZED_AUTOS = YES;
				GCC_WARN_UNUSED_FUNCTION = YES;
				GCC_WARN_UNUSED_VARIABLE = YES;
				HEADER_SEARCH_PATHS = (
					"$(inherited)",
					/Applications/Xcode.app/Contents/Developer/Toolchains/XcodeDefault.xctoolchain/usr/include,
					/usr/include/libxml2,
				);
				MACOSX_DEPLOYMENT_TARGET = 10.9;
				ONLY_ACTIVE_ARCH = YES;
				SDKROOT = macosx;
			};
			name = Debug;
		};
		B4D65C42185C96D600D1BE85 /* Release */ = {
			isa = XCBuildConfiguration;
			buildSettings = {
				ALWAYS_SEARCH_USER_PATHS = NO;
				CLANG_CXX_LANGUAGE_STANDARD = "gnu++0x";
				CLANG_CXX_LIBRARY = "libc++";
				CLANG_ENABLE_OBJC_ARC = YES;
				CLANG_WARN_BOOL_CONVERSION = YES;
				CLANG_WARN_CONSTANT_CONVERSION = YES;
				CLANG_WARN_DIRECT_OBJC_ISA_USAGE = YES_ERROR;
				CLANG_WARN_EMPTY_BODY = YES;
				CLANG_WARN_ENUM_CONVERSION = YES;
				CLANG_WARN_INT_CONVERSION = YES;
				CLANG_WARN_OBJC_ROOT_CLASS = YES_ERROR;
				CLANG_WARN__DUPLICATE_METHOD_MATCH = YES;
				COPY_PHASE_STRIP = YES;
				DEBUG_INFORMATION_FORMAT = "dwarf-with-dsym";
				ENABLE_NS_ASSERTIONS = NO;
				GCC_C_LANGUAGE_STANDARD = gnu99;
				GCC_ENABLE_OBJC_EXCEPTIONS = YES;
				GCC_WARN_64_TO_32_BIT_CONVERSION = YES;
				GCC_WARN_ABOUT_RETURN_TYPE = YES_ERROR;
				GCC_WARN_UNDECLARED_SELECTOR = YES;
				GCC_WARN_UNINITIALIZED_AUTOS = YES;
				GCC_WARN_UNUSED_FUNCTION = YES;
				GCC_WARN_UNUSED_VARIABLE = YES;
				HEADER_SEARCH_PATHS = (
					"$(inherited)",
					/Applications/Xcode.app/Contents/Developer/Toolchains/XcodeDefault.xctoolchain/usr/include,
					/usr/include/libxml2,
				);
				MACOSX_DEPLOYMENT_TARGET = 10.9;
				SDKROOT = macosx;
			};
			name = Release;
		};
/* End XCBuildConfiguration section */

/* Begin XCConfigurationList section */
		B46EE1701A58D2AF00FB6B96 /* Build configuration list for PBXNativeTarget "weblinks-ios-SWIFT" */ = {
			isa = XCConfigurationList;
			buildConfigurations = (
				B46EE1711A58D2AF00FB6B96 /* Debug */,
				B46EE1721A58D2AF00FB6B96 /* Release */,
			);
			defaultConfigurationIsVisible = 0;
			defaultConfigurationName = Release;
		};
		B48C8EAB1A5ABB3B0024E817 /* Build configuration list for PBXNativeTarget "weblinks-osx-OBJC" */ = {
			isa = XCConfigurationList;
			buildConfigurations = (
				B48C8EAC1A5ABB3B0024E817 /* Debug */,
				B48C8EAD1A5ABB3B0024E817 /* Release */,
			);
			defaultConfigurationIsVisible = 0;
			defaultConfigurationName = Release;
		};
		B4D65C30185C96D600D1BE85 /* Build configuration list for PBXProject "weblinks" */ = {
			isa = XCConfigurationList;
			buildConfigurations = (
				B4D65C41185C96D600D1BE85 /* Debug */,
				B4D65C42185C96D600D1BE85 /* Release */,
			);
			defaultConfigurationIsVisible = 0;
			defaultConfigurationName = Release;
		};
/* End XCConfigurationList section */
	};
	rootObject = B4D65C2D185C96D600D1BE85 /* Project object */;
}
