// !$*UTF8*$!
{
	archiveVersion = 1;
	classes = {
	};
	objectVersion = 46;
	objects = {

/* Begin PBXBuildFile section */
		B342A5231A9655060061C546 /* SimpleTypesTestsSwift.m in Sources */ = {isa = PBXBuildFile; fileRef = B342A5211A9655010061C546 /* SimpleTypesTestsSwift.m */; };
		B342A5251A9655310061C546 /* AddressTestsSwift.m in Sources */ = {isa = PBXBuildFile; fileRef = B342A5241A9655310061C546 /* AddressTestsSwift.m */; };
		B342A5271A96564E0061C546 /* WeblinksTestsSwift.m in Sources */ = {isa = PBXBuildFile; fileRef = B342A5261A96564E0061C546 /* WeblinksTestsSwift.m */; };
		B342A52C1A9658190061C546 /* XSDTestCaseSwift.m in Sources */ = {isa = PBXBuildFile; fileRef = B342A52B1A9658190061C546 /* XSDTestCaseSwift.m */; };
		B344F42D1A9A76400078C679 /* DDUncrustifyFormatter.h in Headers */ = {isa = PBXBuildFile; fileRef = B344F4281A9A76400078C679 /* DDUncrustifyFormatter.h */; };
		B344F42E1A9A76400078C679 /* DDUncrustifyFormatter.m in Sources */ = {isa = PBXBuildFile; fileRef = B344F4291A9A76400078C679 /* DDUncrustifyFormatter.m */; };
		B344F42F1A9A76400078C679 /* uncrustify in Resources */ = {isa = PBXBuildFile; fileRef = B344F42A1A9A76400078C679 /* uncrustify */; };
		B344F4301A9A76400078C679 /* uncrustify_objc.cfg in Resources */ = {isa = PBXBuildFile; fileRef = B344F42B1A9A76400078C679 /* uncrustify_objc.cfg */; };
		B344F4311A9A76400078C679 /* uncrustify_swift.cfg in Resources */ = {isa = PBXBuildFile; fileRef = B344F42C1A9A76400078C679 /* uncrustify_swift.cfg */; };
		B3BCCFB11AE26882005D31AC /* configFeatures.xml in Resources */ = {isa = PBXBuildFile; fileRef = B3BCCFAF1AE26882005D31AC /* configFeatures.xml */; };
		B3BCCFB21AE26882005D31AC /* configFeatures.xsd in Resources */ = {isa = PBXBuildFile; fileRef = B3BCCFB01AE26882005D31AC /* configFeatures.xsd */; };
		B3BCCFB41AE268C0005D31AC /* ConfigFeaturesTestsObjC.m in Sources */ = {isa = PBXBuildFile; fileRef = B3BCCFB31AE268C0005D31AC /* ConfigFeaturesTestsObjC.m */; };
		B3BCCFB61AE26A4A005D31AC /* ConfigFeaturesTestsSwift.m in Sources */ = {isa = PBXBuildFile; fileRef = B3BCCFB51AE26A4A005D31AC /* ConfigFeaturesTestsSwift.m */; };
		B3C971731AD17B8C00CD1DD9 /* DeepMutableCopy.h in Headers */ = {isa = PBXBuildFile; fileRef = B3C971641AD17B8C00CD1DD9 /* DeepMutableCopy.h */; };
		B3C971741AD17B8C00CD1DD9 /* ICUTemplateMatcher.h in Headers */ = {isa = PBXBuildFile; fileRef = B3C971651AD17B8C00CD1DD9 /* ICUTemplateMatcher.h */; };
		B3C971751AD17B8C00CD1DD9 /* ICUTemplateMatcher.m in Sources */ = {isa = PBXBuildFile; fileRef = B3C971661AD17B8C00CD1DD9 /* ICUTemplateMatcher.m */; };
		B3C971761AD17B8C00CD1DD9 /* MGTemplateEngine.h in Headers */ = {isa = PBXBuildFile; fileRef = B3C971671AD17B8C00CD1DD9 /* MGTemplateEngine.h */; };
		B3C971771AD17B8C00CD1DD9 /* MGTemplateEngine.m in Sources */ = {isa = PBXBuildFile; fileRef = B3C971681AD17B8C00CD1DD9 /* MGTemplateEngine.m */; };
		B3C971781AD17B8C00CD1DD9 /* MGTemplateFilter.h in Headers */ = {isa = PBXBuildFile; fileRef = B3C971691AD17B8C00CD1DD9 /* MGTemplateFilter.h */; };
		B3C971791AD17B8C00CD1DD9 /* MGTemplateMarker.h in Headers */ = {isa = PBXBuildFile; fileRef = B3C9716A1AD17B8C00CD1DD9 /* MGTemplateMarker.h */; };
		B3C9717A1AD17B8C00CD1DD9 /* MGTemplateStandardFilters.h in Headers */ = {isa = PBXBuildFile; fileRef = B3C9716B1AD17B8C00CD1DD9 /* MGTemplateStandardFilters.h */; };
		B3C9717B1AD17B8C00CD1DD9 /* MGTemplateStandardFilters.m in Sources */ = {isa = PBXBuildFile; fileRef = B3C9716C1AD17B8C00CD1DD9 /* MGTemplateStandardFilters.m */; };
		B3C9717C1AD17B8C00CD1DD9 /* MGTemplateStandardMarkers.h in Headers */ = {isa = PBXBuildFile; fileRef = B3C9716D1AD17B8C00CD1DD9 /* MGTemplateStandardMarkers.h */; };
		B3C9717D1AD17B8C00CD1DD9 /* MGTemplateStandardMarkers.m in Sources */ = {isa = PBXBuildFile; fileRef = B3C9716E1AD17B8C00CD1DD9 /* MGTemplateStandardMarkers.m */; };
		B3C9717E1AD17B8C00CD1DD9 /* NSArray_DeepMutableCopy.h in Headers */ = {isa = PBXBuildFile; fileRef = B3C9716F1AD17B8C00CD1DD9 /* NSArray_DeepMutableCopy.h */; };
		B3C9717F1AD17B8C00CD1DD9 /* NSArray_DeepMutableCopy.m in Sources */ = {isa = PBXBuildFile; fileRef = B3C971701AD17B8C00CD1DD9 /* NSArray_DeepMutableCopy.m */; };
		B3C971801AD17B8C00CD1DD9 /* NSDictionary_DeepMutableCopy.h in Headers */ = {isa = PBXBuildFile; fileRef = B3C971711AD17B8C00CD1DD9 /* NSDictionary_DeepMutableCopy.h */; };
		B3C971811AD17B8C00CD1DD9 /* NSDictionary_DeepMutableCopy.m in Sources */ = {isa = PBXBuildFile; fileRef = B3C971721AD17B8C00CD1DD9 /* NSDictionary_DeepMutableCopy.m */; };
		B3C971841AD17BAB00CD1DD9 /* XSDenumeration.h in Headers */ = {isa = PBXBuildFile; fileRef = B3C971821AD17BAB00CD1DD9 /* XSDenumeration.h */; };
		B3C971851AD17BAB00CD1DD9 /* XSDenumeration.m in Sources */ = {isa = PBXBuildFile; fileRef = B3C971831AD17BAB00CD1DD9 /* XSDenumeration.m */; };
		B3C9719A1AD19A6F00CD1DD9 /* FileFormatter.h in Headers */ = {isa = PBXBuildFile; fileRef = B3C971991AD19A6F00CD1DD9 /* FileFormatter.h */; };
		B3C9719B1AD19ABC00CD1DD9 /* clang-format in Resources */ = {isa = PBXBuildFile; fileRef = B4F0DD611A6BE6A7003BD66A /* clang-format */; };
		B3C9719C1AD19ABC00CD1DD9 /* TRVSFormatter.m in Sources */ = {isa = PBXBuildFile; fileRef = B4F0DD631A6BE6A7003BD66A /* TRVSFormatter.m */; };
		B3CB36B31A93493200FB4CAA /* DDRunTask.m in Sources */ = {isa = PBXBuildFile; fileRef = B44ACBF41A53992B0030DFEA /* DDRunTask.m */; };
		B3E76CFB1ADAE79400ED22B5 /* README.md in Sources */ = {isa = PBXBuildFile; fileRef = B3E76CFA1ADAE79400ED22B5 /* README.md */; };
		B42A11131A6478DC00F42ED3 /* SimpleTypesTestsObjC.m in Sources */ = {isa = PBXBuildFile; fileRef = B42A11121A6478DC00F42ED3 /* SimpleTypesTestsObjC.m */; };
		B42A11161A64791700F42ED3 /* simpleTypes.xml in Resources */ = {isa = PBXBuildFile; fileRef = B42A11141A64791700F42ED3 /* simpleTypes.xml */; };
		B42A11171A64791700F42ED3 /* simpleTypes.xsd in Resources */ = {isa = PBXBuildFile; fileRef = B42A11151A64791700F42ED3 /* simpleTypes.xsd */; };
		B42F9ECD1A48657E0007FC96 /* XSDConverterCore.framework in Frameworks */ = {isa = PBXBuildFile; fileRef = B42F9EB61A48657E0007FC96 /* XSDConverterCore.framework */; };
		B42F9ECE1A48657E0007FC96 /* XSDConverterCore.framework in Embed Frameworks */ = {isa = PBXBuildFile; fileRef = B42F9EB61A48657E0007FC96 /* XSDConverterCore.framework */; settings = {ATTRIBUTES = (CodeSignOnCopy, RemoveHeadersOnCopy, ); }; };
		B42F9F061A48663F0007FC96 /* XSDattribute.h in Headers */ = {isa = PBXBuildFile; fileRef = B42F9EDA1A48663F0007FC96 /* XSDattribute.h */; settings = {ATTRIBUTES = (Public, ); }; };
		B42F9F071A48663F0007FC96 /* XSDattribute.m in Sources */ = {isa = PBXBuildFile; fileRef = B42F9EDB1A48663F0007FC96 /* XSDattribute.m */; };
		B42F9F081A48663F0007FC96 /* XSDcomplexType.h in Headers */ = {isa = PBXBuildFile; fileRef = B42F9EDC1A48663F0007FC96 /* XSDcomplexType.h */; settings = {ATTRIBUTES = (Public, ); }; };
		B42F9F091A48663F0007FC96 /* XSDcomplexType.m in Sources */ = {isa = PBXBuildFile; fileRef = B42F9EDD1A48663F0007FC96 /* XSDcomplexType.m */; };
		B42F9F0A1A48663F0007FC96 /* XSDelement.h in Headers */ = {isa = PBXBuildFile; fileRef = B42F9EDE1A48663F0007FC96 /* XSDelement.h */; settings = {ATTRIBUTES = (Public, ); }; };
		B42F9F0B1A48663F0007FC96 /* XSDelement.m in Sources */ = {isa = PBXBuildFile; fileRef = B42F9EDF1A48663F0007FC96 /* XSDelement.m */; };
		B42F9F0C1A48663F0007FC96 /* XSDexplicitGroup.h in Headers */ = {isa = PBXBuildFile; fileRef = B42F9EE01A48663F0007FC96 /* XSDexplicitGroup.h */; settings = {ATTRIBUTES = (Public, ); }; };
		B42F9F0D1A48663F0007FC96 /* XSDexplicitGroup.m in Sources */ = {isa = PBXBuildFile; fileRef = B42F9EE11A48663F0007FC96 /* XSDexplicitGroup.m */; };
		B42F9F0E1A48663F0007FC96 /* XSSchemaNode.h in Headers */ = {isa = PBXBuildFile; fileRef = B42F9EE21A48663F0007FC96 /* XSSchemaNode.h */; settings = {ATTRIBUTES = (Public, ); }; };
		B42F9F0F1A48663F0007FC96 /* XSSchemaNode.m in Sources */ = {isa = PBXBuildFile; fileRef = B42F9EE31A48663F0007FC96 /* XSSchemaNode.m */; };
		B42F9F101A48663F0007FC96 /* XSSimpleType.h in Headers */ = {isa = PBXBuildFile; fileRef = B42F9EE41A48663F0007FC96 /* XSSimpleType.h */; settings = {ATTRIBUTES = (Public, ); }; };
		B42F9F111A48663F0007FC96 /* XSSimpleType.m in Sources */ = {isa = PBXBuildFile; fileRef = B42F9EE51A48663F0007FC96 /* XSSimpleType.m */; };
		B42F9F251A4866400007FC96 /* template-objc.xml in Resources */ = {isa = PBXBuildFile; fileRef = B42F9EFD1A48663F0007FC96 /* template-objc.xml */; };
		B42F9F261A4866400007FC96 /* template.xsd in Resources */ = {isa = PBXBuildFile; fileRef = B42F9EFE1A48663F0007FC96 /* template.xsd */; };
		B42F9F271A4866400007FC96 /* XMLSchema.xsd in Resources */ = {isa = PBXBuildFile; fileRef = B42F9EFF1A48663F0007FC96 /* XMLSchema.xsd */; };
		B42F9F281A4866400007FC96 /* XMLUtils.h in Headers */ = {isa = PBXBuildFile; fileRef = B42F9F001A48663F0007FC96 /* XMLUtils.h */; settings = {ATTRIBUTES = (Public, ); }; };
		B42F9F291A4866400007FC96 /* XMLUtils.m in Sources */ = {isa = PBXBuildFile; fileRef = B42F9F011A48663F0007FC96 /* XMLUtils.m */; };
		B42F9F2A1A4866400007FC96 /* XSDConverterCore.h in Headers */ = {isa = PBXBuildFile; fileRef = B42F9F021A48663F0007FC96 /* XSDConverterCore.h */; settings = {ATTRIBUTES = (Public, ); }; };
		B42F9F2B1A4866400007FC96 /* XSDschema.h in Headers */ = {isa = PBXBuildFile; fileRef = B42F9F031A48663F0007FC96 /* XSDschema.h */; settings = {ATTRIBUTES = (Public, ); }; };
		B42F9F2C1A4866400007FC96 /* XSDschema.m in Sources */ = {isa = PBXBuildFile; fileRef = B42F9F041A48663F0007FC96 /* XSDschema.m */; };
		B42F9F2D1A4868690007FC96 /* Cocoa.framework in Frameworks */ = {isa = PBXBuildFile; fileRef = B4F495AE1857BFCA00A6E488 /* Cocoa.framework */; };
		B42F9F2F1A48686F0007FC96 /* libxml2.dylib in Frameworks */ = {isa = PBXBuildFile; fileRef = F8B6F10C13895EA400F4CC65 /* libxml2.dylib */; };
		B42F9F311A487B520007FC96 /* XSType.h in Headers */ = {isa = PBXBuildFile; fileRef = B42F9F301A487B520007FC96 /* XSType.h */; settings = {ATTRIBUTES = (Public, ); }; };
		B42F9F631A4890CE0007FC96 /* WeblinksTestsObjC.m in Sources */ = {isa = PBXBuildFile; fileRef = B42F9F591A4890CE0007FC96 /* WeblinksTestsObjC.m */; };
		B42F9F681A4890CE0007FC96 /* weblinks.xml in Resources */ = {isa = PBXBuildFile; fileRef = B42F9F5F1A4890CE0007FC96 /* weblinks.xml */; };
		B42F9F691A4890CE0007FC96 /* weblinks.xsd in Resources */ = {isa = PBXBuildFile; fileRef = B42F9F601A4890CE0007FC96 /* weblinks.xsd */; };
		B42F9FA91A48B9610007FC96 /* datatypes.xml in Resources */ = {isa = PBXBuildFile; fileRef = B42F9FA71A48B95B0007FC96 /* datatypes.xml */; };
		B444BED01A628BC700FCA8DA /* template-swift.xml in Resources */ = {isa = PBXBuildFile; fileRef = B444BECF1A628BC700FCA8DA /* template-swift.xml */; };
		B44ACBF01A5396E90030DFEA /* DDFrameworkWriter.h in Headers */ = {isa = PBXBuildFile; fileRef = B44ACBEE1A5396E90030DFEA /* DDFrameworkWriter.h */; };
		B44ACBF51A53992B0030DFEA /* DDRunTask.h in Headers */ = {isa = PBXBuildFile; fileRef = B44ACBF31A53992B0030DFEA /* DDRunTask.h */; };
		B45720CF1857D487005632B7 /* Cocoa.framework in Frameworks */ = {isa = PBXBuildFile; fileRef = B4F495AE1857BFCA00A6E488 /* Cocoa.framework */; };
		B457210B1857D532005632B7 /* AppDelegate.m in Sources */ = {isa = PBXBuildFile; fileRef = B45721001857D532005632B7 /* AppDelegate.m */; };
		B45721101857D532005632B7 /* main.m in Sources */ = {isa = PBXBuildFile; fileRef = B45721081857D532005632B7 /* main.m */; };
		B49B8CFC1A4DCFE9001A2D91 /* XSDAnnotation.h in Headers */ = {isa = PBXBuildFile; fileRef = B49B8CFA1A4DCFE9001A2D91 /* XSDAnnotation.h */; settings = {ATTRIBUTES = (Public, ); }; };
		B49B8CFD1A4DCFE9001A2D91 /* XSDAnnotation.m in Sources */ = {isa = PBXBuildFile; fileRef = B49B8CFB1A4DCFE9001A2D91 /* XSDAnnotation.m */; };
		B4BAB2511A6147A50073C821 /* weblinks_test.xsd in Resources */ = {isa = PBXBuildFile; fileRef = B4BAB24F1A61411F0073C821 /* weblinks_test.xsd */; };
		B4BAB2551A6174FC0073C821 /* nameChanges.xml in Resources */ = {isa = PBXBuildFile; fileRef = B4BAB2531A614C7E0073C821 /* nameChanges.xml */; };
		B4BB5A231A4AC4710044305B /* XSDTestCaseObjC.m in Sources */ = {isa = PBXBuildFile; fileRef = B4BB5A221A4AC4710044305B /* XSDTestCaseObjC.m */; };
		B4C21F4C1A5B1D74004F12F0 /* weblinks_groups.xsd in Resources */ = {isa = PBXBuildFile; fileRef = B4C21F4B1A5B1D74004F12F0 /* weblinks_groups.xsd */; };
		B4C21F531A5B2688004F12F0 /* address.xml in Resources */ = {isa = PBXBuildFile; fileRef = B4C21F4F1A5B2688004F12F0 /* address.xml */; };
		B4C21F541A5B2688004F12F0 /* address.xsd in Resources */ = {isa = PBXBuildFile; fileRef = B4C21F501A5B2688004F12F0 /* address.xsd */; };
		B4C21F551A5B2688004F12F0 /* address_StreetInfo.xsd in Resources */ = {isa = PBXBuildFile; fileRef = B4C21F511A5B2688004F12F0 /* address_StreetInfo.xsd */; };
		B4C21F561A5B2688004F12F0 /* address_UnitInfo.xsd in Resources */ = {isa = PBXBuildFile; fileRef = B4C21F521A5B2688004F12F0 /* address_UnitInfo.xsd */; };
		B4C21F5A1A5B26F7004F12F0 /* AddressTestsObjC.m in Sources */ = {isa = PBXBuildFile; fileRef = B4C21F591A5B26F7004F12F0 /* AddressTestsObjC.m */; };
		B4C55C4718707F2A0006D92A /* MainMenu.xib in Resources */ = {isa = PBXBuildFile; fileRef = B4C55C4618707F2A0006D92A /* MainMenu.xib */; };
		B4C55C4918707FEB0006D92A /* AppIcon.icns in Resources */ = {isa = PBXBuildFile; fileRef = B4C55C4818707FEB0006D92A /* AppIcon.icns */; };
		B4D1F4D01A63C79E003A31E4 /* libxml-bridging-header.header in Resources */ = {isa = PBXBuildFile; fileRef = B444BED11A633C5D00FCA8DA /* libxml-bridging-header.header */; };
		B4F0DD651A6BE6A7003BD66A /* TRVSFormatter.h in Headers */ = {isa = PBXBuildFile; fileRef = B4F0DD621A6BE6A7003BD66A /* TRVSFormatter.h */; };
/* End PBXBuildFile section */

/* Begin PBXContainerItemProxy section */
		B42F9ECB1A48657E0007FC96 /* PBXContainerItemProxy */ = {
			isa = PBXContainerItemProxy;
			containerPortal = F8E422AB138834E90047AA8C /* Project object */;
			proxyType = 1;
			remoteGlobalIDString = B42F9EB51A48657E0007FC96;
			remoteInfo = XSDConverterCore;
		};
		B42F9F451A488F830007FC96 /* PBXContainerItemProxy */ = {
			isa = PBXContainerItemProxy;
			containerPortal = F8E422AB138834E90047AA8C /* Project object */;
			proxyType = 1;
			remoteGlobalIDString = B45720CD1857D487005632B7;
			remoteInfo = XSDConverter;
		};
/* End PBXContainerItemProxy section */

/* Begin PBXCopyFilesBuildPhase section */
		B42F9ED21A48657E0007FC96 /* Embed Frameworks */ = {
			isa = PBXCopyFilesBuildPhase;
			buildActionMask = 2147483647;
			dstPath = "";
			dstSubfolderSpec = 10;
			files = (
				B42F9ECE1A48657E0007FC96 /* XSDConverterCore.framework in Embed Frameworks */,
			);
			name = "Embed Frameworks";
			runOnlyForDeploymentPostprocessing = 0;
		};
/* End PBXCopyFilesBuildPhase section */

/* Begin PBXFileReference section */
		B342A5211A9655010061C546 /* SimpleTypesTestsSwift.m */ = {isa = PBXFileReference; fileEncoding = 4; lastKnownFileType = sourcecode.c.objc; path = SimpleTypesTestsSwift.m; sourceTree = "<group>"; };
		B342A5241A9655310061C546 /* AddressTestsSwift.m */ = {isa = PBXFileReference; fileEncoding = 4; lastKnownFileType = sourcecode.c.objc; path = AddressTestsSwift.m; sourceTree = "<group>"; };
		B342A5261A96564E0061C546 /* WeblinksTestsSwift.m */ = {isa = PBXFileReference; fileEncoding = 4; lastKnownFileType = sourcecode.c.objc; path = WeblinksTestsSwift.m; sourceTree = "<group>"; };
		B342A52A1A9658190061C546 /* XSDTestCaseSwift.h */ = {isa = PBXFileReference; fileEncoding = 4; lastKnownFileType = sourcecode.c.h; path = XSDTestCaseSwift.h; sourceTree = "<group>"; };
		B342A52B1A9658190061C546 /* XSDTestCaseSwift.m */ = {isa = PBXFileReference; fileEncoding = 4; lastKnownFileType = sourcecode.c.objc; path = XSDTestCaseSwift.m; sourceTree = "<group>"; };
		B344F4281A9A76400078C679 /* DDUncrustifyFormatter.h */ = {isa = PBXFileReference; fileEncoding = 4; lastKnownFileType = sourcecode.c.h; path = DDUncrustifyFormatter.h; sourceTree = "<group>"; };
		B344F4291A9A76400078C679 /* DDUncrustifyFormatter.m */ = {isa = PBXFileReference; fileEncoding = 4; lastKnownFileType = sourcecode.c.objc; path = DDUncrustifyFormatter.m; sourceTree = "<group>"; };
		B344F42A1A9A76400078C679 /* uncrustify */ = {isa = PBXFileReference; lastKnownFileType = "compiled.mach-o.executable"; path = uncrustify; sourceTree = "<group>"; };
		B344F42B1A9A76400078C679 /* uncrustify_objc.cfg */ = {isa = PBXFileReference; fileEncoding = 4; lastKnownFileType = text; path = uncrustify_objc.cfg; sourceTree = "<group>"; };
		B344F42C1A9A76400078C679 /* uncrustify_swift.cfg */ = {isa = PBXFileReference; fileEncoding = 4; lastKnownFileType = text; path = uncrustify_swift.cfg; sourceTree = "<group>"; };
		B3BCCFAF1AE26882005D31AC /* configFeatures.xml */ = {isa = PBXFileReference; fileEncoding = 4; lastKnownFileType = text.xml; path = configFeatures.xml; sourceTree = "<group>"; };
		B3BCCFB01AE26882005D31AC /* configFeatures.xsd */ = {isa = PBXFileReference; fileEncoding = 4; lastKnownFileType = text.xml; path = configFeatures.xsd; sourceTree = "<group>"; };
		B3BCCFB31AE268C0005D31AC /* ConfigFeaturesTestsObjC.m */ = {isa = PBXFileReference; fileEncoding = 4; lastKnownFileType = sourcecode.c.objc; path = ConfigFeaturesTestsObjC.m; sourceTree = "<group>"; };
		B3BCCFB51AE26A4A005D31AC /* ConfigFeaturesTestsSwift.m */ = {isa = PBXFileReference; fileEncoding = 4; lastKnownFileType = sourcecode.c.objc; path = ConfigFeaturesTestsSwift.m; sourceTree = "<group>"; };
		B3C971641AD17B8C00CD1DD9 /* DeepMutableCopy.h */ = {isa = PBXFileReference; fileEncoding = 4; lastKnownFileType = sourcecode.c.h; path = DeepMutableCopy.h; sourceTree = "<group>"; };
		B3C971651AD17B8C00CD1DD9 /* ICUTemplateMatcher.h */ = {isa = PBXFileReference; fileEncoding = 4; lastKnownFileType = sourcecode.c.h; path = ICUTemplateMatcher.h; sourceTree = "<group>"; };
		B3C971661AD17B8C00CD1DD9 /* ICUTemplateMatcher.m */ = {isa = PBXFileReference; fileEncoding = 4; lastKnownFileType = sourcecode.c.objc; path = ICUTemplateMatcher.m; sourceTree = "<group>"; };
		B3C971671AD17B8C00CD1DD9 /* MGTemplateEngine.h */ = {isa = PBXFileReference; fileEncoding = 4; lastKnownFileType = sourcecode.c.h; path = MGTemplateEngine.h; sourceTree = "<group>"; };
		B3C971681AD17B8C00CD1DD9 /* MGTemplateEngine.m */ = {isa = PBXFileReference; fileEncoding = 4; lastKnownFileType = sourcecode.c.objc; path = MGTemplateEngine.m; sourceTree = "<group>"; };
		B3C971691AD17B8C00CD1DD9 /* MGTemplateFilter.h */ = {isa = PBXFileReference; fileEncoding = 4; lastKnownFileType = sourcecode.c.h; path = MGTemplateFilter.h; sourceTree = "<group>"; };
		B3C9716A1AD17B8C00CD1DD9 /* MGTemplateMarker.h */ = {isa = PBXFileReference; fileEncoding = 4; lastKnownFileType = sourcecode.c.h; path = MGTemplateMarker.h; sourceTree = "<group>"; };
		B3C9716B1AD17B8C00CD1DD9 /* MGTemplateStandardFilters.h */ = {isa = PBXFileReference; fileEncoding = 4; lastKnownFileType = sourcecode.c.h; path = MGTemplateStandardFilters.h; sourceTree = "<group>"; };
		B3C9716C1AD17B8C00CD1DD9 /* MGTemplateStandardFilters.m */ = {isa = PBXFileReference; fileEncoding = 4; lastKnownFileType = sourcecode.c.objc; path = MGTemplateStandardFilters.m; sourceTree = "<group>"; };
		B3C9716D1AD17B8C00CD1DD9 /* MGTemplateStandardMarkers.h */ = {isa = PBXFileReference; fileEncoding = 4; lastKnownFileType = sourcecode.c.h; path = MGTemplateStandardMarkers.h; sourceTree = "<group>"; };
		B3C9716E1AD17B8C00CD1DD9 /* MGTemplateStandardMarkers.m */ = {isa = PBXFileReference; fileEncoding = 4; lastKnownFileType = sourcecode.c.objc; path = MGTemplateStandardMarkers.m; sourceTree = "<group>"; };
		B3C9716F1AD17B8C00CD1DD9 /* NSArray_DeepMutableCopy.h */ = {isa = PBXFileReference; fileEncoding = 4; lastKnownFileType = sourcecode.c.h; path = NSArray_DeepMutableCopy.h; sourceTree = "<group>"; };
		B3C971701AD17B8C00CD1DD9 /* NSArray_DeepMutableCopy.m */ = {isa = PBXFileReference; fileEncoding = 4; lastKnownFileType = sourcecode.c.objc; path = NSArray_DeepMutableCopy.m; sourceTree = "<group>"; };
		B3C971711AD17B8C00CD1DD9 /* NSDictionary_DeepMutableCopy.h */ = {isa = PBXFileReference; fileEncoding = 4; lastKnownFileType = sourcecode.c.h; path = NSDictionary_DeepMutableCopy.h; sourceTree = "<group>"; };
		B3C971721AD17B8C00CD1DD9 /* NSDictionary_DeepMutableCopy.m */ = {isa = PBXFileReference; fileEncoding = 4; lastKnownFileType = sourcecode.c.objc; path = NSDictionary_DeepMutableCopy.m; sourceTree = "<group>"; };
		B3C971821AD17BAB00CD1DD9 /* XSDenumeration.h */ = {isa = PBXFileReference; fileEncoding = 4; lastKnownFileType = sourcecode.c.h; path = XSDenumeration.h; sourceTree = "<group>"; };
		B3C971831AD17BAB00CD1DD9 /* XSDenumeration.m */ = {isa = PBXFileReference; fileEncoding = 4; lastKnownFileType = sourcecode.c.objc; path = XSDenumeration.m; sourceTree = "<group>"; };
		B3C971991AD19A6F00CD1DD9 /* FileFormatter.h */ = {isa = PBXFileReference; fileEncoding = 4; lastKnownFileType = sourcecode.c.h; name = FileFormatter.h; path = ../FileFormatter.h; sourceTree = "<group>"; };
		B3E76CFA1ADAE79400ED22B5 /* README.md */ = {isa = PBXFileReference; fileEncoding = 4; lastKnownFileType = net.daringfireball.markdown; path = README.md; sourceTree = "<group>"; };
		B42A11121A6478DC00F42ED3 /* SimpleTypesTestsObjC.m */ = {isa = PBXFileReference; fileEncoding = 4; lastKnownFileType = sourcecode.c.objc; path = SimpleTypesTestsObjC.m; sourceTree = "<group>"; };
		B42A11141A64791700F42ED3 /* simpleTypes.xml */ = {isa = PBXFileReference; fileEncoding = 4; lastKnownFileType = text.xml; path = simpleTypes.xml; sourceTree = "<group>"; };
		B42A11151A64791700F42ED3 /* simpleTypes.xsd */ = {isa = PBXFileReference; fileEncoding = 4; lastKnownFileType = text; path = simpleTypes.xsd; sourceTree = "<group>"; };
		B42F9E701A4850150007FC96 /* Info.plist */ = {isa = PBXFileReference; fileEncoding = 4; lastKnownFileType = text.plist.xml; path = Info.plist; sourceTree = "<group>"; };
		B42F9EB61A48657E0007FC96 /* XSDConverterCore.framework */ = {isa = PBXFileReference; explicitFileType = wrapper.framework; includeInIndex = 0; path = XSDConverterCore.framework; sourceTree = BUILT_PRODUCTS_DIR; };
		B42F9ED81A48663F0007FC96 /* Info.plist */ = {isa = PBXFileReference; fileEncoding = 4; lastKnownFileType = text.plist.xml; path = Info.plist; sourceTree = "<group>"; };
		B42F9EDA1A48663F0007FC96 /* XSDattribute.h */ = {isa = PBXFileReference; fileEncoding = 4; lastKnownFileType = sourcecode.c.h; path = XSDattribute.h; sourceTree = "<group>"; };
		B42F9EDB1A48663F0007FC96 /* XSDattribute.m */ = {isa = PBXFileReference; fileEncoding = 4; lastKnownFileType = sourcecode.c.objc; path = XSDattribute.m; sourceTree = "<group>"; };
		B42F9EDC1A48663F0007FC96 /* XSDcomplexType.h */ = {isa = PBXFileReference; fileEncoding = 4; lastKnownFileType = sourcecode.c.h; path = XSDcomplexType.h; sourceTree = "<group>"; };
		B42F9EDD1A48663F0007FC96 /* XSDcomplexType.m */ = {isa = PBXFileReference; fileEncoding = 4; lastKnownFileType = sourcecode.c.objc; path = XSDcomplexType.m; sourceTree = "<group>"; };
		B42F9EDE1A48663F0007FC96 /* XSDelement.h */ = {isa = PBXFileReference; fileEncoding = 4; lastKnownFileType = sourcecode.c.h; path = XSDelement.h; sourceTree = "<group>"; };
		B42F9EDF1A48663F0007FC96 /* XSDelement.m */ = {isa = PBXFileReference; fileEncoding = 4; lastKnownFileType = sourcecode.c.objc; path = XSDelement.m; sourceTree = "<group>"; };
		B42F9EE01A48663F0007FC96 /* XSDexplicitGroup.h */ = {isa = PBXFileReference; fileEncoding = 4; lastKnownFileType = sourcecode.c.h; path = XSDexplicitGroup.h; sourceTree = "<group>"; };
		B42F9EE11A48663F0007FC96 /* XSDexplicitGroup.m */ = {isa = PBXFileReference; fileEncoding = 4; lastKnownFileType = sourcecode.c.objc; path = XSDexplicitGroup.m; sourceTree = "<group>"; };
		B42F9EE21A48663F0007FC96 /* XSSchemaNode.h */ = {isa = PBXFileReference; fileEncoding = 4; lastKnownFileType = sourcecode.c.h; path = XSSchemaNode.h; sourceTree = "<group>"; };
		B42F9EE31A48663F0007FC96 /* XSSchemaNode.m */ = {isa = PBXFileReference; fileEncoding = 4; lastKnownFileType = sourcecode.c.objc; path = XSSchemaNode.m; sourceTree = "<group>"; };
		B42F9EE41A48663F0007FC96 /* XSSimpleType.h */ = {isa = PBXFileReference; fileEncoding = 4; lastKnownFileType = sourcecode.c.h; path = XSSimpleType.h; sourceTree = "<group>"; };
		B42F9EE51A48663F0007FC96 /* XSSimpleType.m */ = {isa = PBXFileReference; fileEncoding = 4; lastKnownFileType = sourcecode.c.objc; path = XSSimpleType.m; sourceTree = "<group>"; };
		B42F9EFD1A48663F0007FC96 /* template-objc.xml */ = {isa = PBXFileReference; fileEncoding = 4; lastKnownFileType = text.xml; path = "template-objc.xml"; sourceTree = "<group>"; };
		B42F9EFE1A48663F0007FC96 /* template.xsd */ = {isa = PBXFileReference; fileEncoding = 4; lastKnownFileType = text; path = template.xsd; sourceTree = "<group>"; };
		B42F9EFF1A48663F0007FC96 /* XMLSchema.xsd */ = {isa = PBXFileReference; fileEncoding = 4; lastKnownFileType = text.xml; path = XMLSchema.xsd; sourceTree = "<group>"; };
		B42F9F001A48663F0007FC96 /* XMLUtils.h */ = {isa = PBXFileReference; fileEncoding = 4; lastKnownFileType = sourcecode.c.h; path = XMLUtils.h; sourceTree = "<group>"; };
		B42F9F011A48663F0007FC96 /* XMLUtils.m */ = {isa = PBXFileReference; fileEncoding = 4; lastKnownFileType = sourcecode.c.objc; path = XMLUtils.m; sourceTree = "<group>"; };
		B42F9F021A48663F0007FC96 /* XSDConverterCore.h */ = {isa = PBXFileReference; fileEncoding = 4; lastKnownFileType = sourcecode.c.h; path = XSDConverterCore.h; sourceTree = "<group>"; };
		B42F9F031A48663F0007FC96 /* XSDschema.h */ = {isa = PBXFileReference; fileEncoding = 4; lastKnownFileType = sourcecode.c.h; path = XSDschema.h; sourceTree = "<group>"; };
		B42F9F041A48663F0007FC96 /* XSDschema.m */ = {isa = PBXFileReference; fileEncoding = 4; lastKnownFileType = sourcecode.c.objc; path = XSDschema.m; sourceTree = "<group>"; };
		B42F9F301A487B520007FC96 /* XSType.h */ = {isa = PBXFileReference; fileEncoding = 4; lastKnownFileType = sourcecode.c.h; path = XSType.h; sourceTree = "<group>"; };
		B42F9F411A488F830007FC96 /* XSDConverterCoreTests.xctest */ = {isa = PBXFileReference; explicitFileType = wrapper.cfbundle; includeInIndex = 0; path = XSDConverterCoreTests.xctest; sourceTree = BUILT_PRODUCTS_DIR; };
		B42F9F581A4890CE0007FC96 /* Info.plist */ = {isa = PBXFileReference; fileEncoding = 4; lastKnownFileType = text.plist.xml; path = Info.plist; sourceTree = "<group>"; };
		B42F9F591A4890CE0007FC96 /* WeblinksTestsObjC.m */ = {isa = PBXFileReference; fileEncoding = 4; lastKnownFileType = sourcecode.c.objc; path = WeblinksTestsObjC.m; sourceTree = "<group>"; };
		B42F9F5F1A4890CE0007FC96 /* weblinks.xml */ = {isa = PBXFileReference; fileEncoding = 4; lastKnownFileType = text.xml; path = weblinks.xml; sourceTree = "<group>"; };
		B42F9F601A4890CE0007FC96 /* weblinks.xsd */ = {isa = PBXFileReference; fileEncoding = 4; lastKnownFileType = text; path = weblinks.xsd; sourceTree = "<group>"; };
		B42F9FA71A48B95B0007FC96 /* datatypes.xml */ = {isa = PBXFileReference; fileEncoding = 4; lastKnownFileType = text.xml; path = datatypes.xml; sourceTree = "<group>"; };
		B444BECF1A628BC700FCA8DA /* template-swift.xml */ = {isa = PBXFileReference; fileEncoding = 4; lastKnownFileType = text.xml; path = "template-swift.xml"; sourceTree = "<group>"; };
		B444BED11A633C5D00FCA8DA /* libxml-bridging-header.header */ = {isa = PBXFileReference; fileEncoding = 4; lastKnownFileType = text; path = "libxml-bridging-header.header"; sourceTree = "<group>"; };
		B44ACBEE1A5396E90030DFEA /* DDFrameworkWriter.h */ = {isa = PBXFileReference; fileEncoding = 4; lastKnownFileType = sourcecode.c.h; path = DDFrameworkWriter.h; sourceTree = "<group>"; };
		B44ACBEF1A5396E90030DFEA /* DDFrameworkWriter.m */ = {isa = PBXFileReference; fileEncoding = 4; lastKnownFileType = sourcecode.c.objc; path = DDFrameworkWriter.m; sourceTree = "<group>"; };
		B44ACBF31A53992B0030DFEA /* DDRunTask.h */ = {isa = PBXFileReference; fileEncoding = 4; lastKnownFileType = sourcecode.c.h; path = DDRunTask.h; sourceTree = "<group>"; };
		B44ACBF41A53992B0030DFEA /* DDRunTask.m */ = {isa = PBXFileReference; fileEncoding = 4; lastKnownFileType = sourcecode.c.objc; path = DDRunTask.m; sourceTree = "<group>"; };
		B45720CE1857D487005632B7 /* XSDConverter.app */ = {isa = PBXFileReference; explicitFileType = wrapper.application; includeInIndex = 0; path = XSDConverter.app; sourceTree = BUILT_PRODUCTS_DIR; };
		B45720FF1857D532005632B7 /* AppDelegate.h */ = {isa = PBXFileReference; fileEncoding = 4; lastKnownFileType = sourcecode.c.h; path = AppDelegate.h; sourceTree = "<group>"; };
		B45721001857D532005632B7 /* AppDelegate.m */ = {isa = PBXFileReference; fileEncoding = 4; lastKnownFileType = sourcecode.c.objc; path = AppDelegate.m; sourceTree = "<group>"; };
		B45721081857D532005632B7 /* main.m */ = {isa = PBXFileReference; fileEncoding = 4; lastKnownFileType = sourcecode.c.objc; path = main.m; sourceTree = "<group>"; };
		B49B8CFA1A4DCFE9001A2D91 /* XSDAnnotation.h */ = {isa = PBXFileReference; fileEncoding = 4; lastKnownFileType = sourcecode.c.h; path = XSDAnnotation.h; sourceTree = "<group>"; };
		B49B8CFB1A4DCFE9001A2D91 /* XSDAnnotation.m */ = {isa = PBXFileReference; fileEncoding = 4; lastKnownFileType = sourcecode.c.objc; path = XSDAnnotation.m; sourceTree = "<group>"; };
		B4BAB24F1A61411F0073C821 /* weblinks_test.xsd */ = {isa = PBXFileReference; fileEncoding = 4; lastKnownFileType = text; path = weblinks_test.xsd; sourceTree = "<group>"; };
		B4BAB2531A614C7E0073C821 /* nameChanges.xml */ = {isa = PBXFileReference; fileEncoding = 4; lastKnownFileType = text.xml; path = nameChanges.xml; sourceTree = "<group>"; };
		B4BB5A211A4AC4710044305B /* XSDTestCaseObjC.h */ = {isa = PBXFileReference; fileEncoding = 4; lastKnownFileType = sourcecode.c.h; path = XSDTestCaseObjC.h; sourceTree = "<group>"; };
		B4BB5A221A4AC4710044305B /* XSDTestCaseObjC.m */ = {isa = PBXFileReference; fileEncoding = 4; lastKnownFileType = sourcecode.c.objc; path = XSDTestCaseObjC.m; sourceTree = "<group>"; };
		B4C21F4B1A5B1D74004F12F0 /* weblinks_groups.xsd */ = {isa = PBXFileReference; fileEncoding = 4; lastKnownFileType = text; path = weblinks_groups.xsd; sourceTree = "<group>"; };
		B4C21F4F1A5B2688004F12F0 /* address.xml */ = {isa = PBXFileReference; fileEncoding = 4; lastKnownFileType = text.xml; path = address.xml; sourceTree = "<group>"; };
		B4C21F501A5B2688004F12F0 /* address.xsd */ = {isa = PBXFileReference; fileEncoding = 4; lastKnownFileType = text.xml; path = address.xsd; sourceTree = "<group>"; };
		B4C21F511A5B2688004F12F0 /* address_StreetInfo.xsd */ = {isa = PBXFileReference; fileEncoding = 4; lastKnownFileType = text.xml; path = address_StreetInfo.xsd; sourceTree = "<group>"; };
		B4C21F521A5B2688004F12F0 /* address_UnitInfo.xsd */ = {isa = PBXFileReference; fileEncoding = 4; lastKnownFileType = text.xml; path = address_UnitInfo.xsd; sourceTree = "<group>"; };
		B4C21F591A5B26F7004F12F0 /* AddressTestsObjC.m */ = {isa = PBXFileReference; fileEncoding = 4; lastKnownFileType = sourcecode.c.objc; path = AddressTestsObjC.m; sourceTree = "<group>"; };
		B4C55C4618707F2A0006D92A /* MainMenu.xib */ = {isa = PBXFileReference; fileEncoding = 4; lastKnownFileType = file.xib; path = MainMenu.xib; sourceTree = "<group>"; };
		B4C55C4818707FEB0006D92A /* AppIcon.icns */ = {isa = PBXFileReference; lastKnownFileType = image.icns; path = AppIcon.icns; sourceTree = "<group>"; };
		B4F0DD611A6BE6A7003BD66A /* clang-format */ = {isa = PBXFileReference; lastKnownFileType = "compiled.mach-o.executable"; path = "clang-format"; sourceTree = "<group>"; };
		B4F0DD621A6BE6A7003BD66A /* TRVSFormatter.h */ = {isa = PBXFileReference; fileEncoding = 4; lastKnownFileType = sourcecode.c.h; path = TRVSFormatter.h; sourceTree = "<group>"; };
		B4F0DD631A6BE6A7003BD66A /* TRVSFormatter.m */ = {isa = PBXFileReference; fileEncoding = 4; lastKnownFileType = sourcecode.c.objc; path = TRVSFormatter.m; sourceTree = "<group>"; };
		B4F495AE1857BFCA00A6E488 /* Cocoa.framework */ = {isa = PBXFileReference; lastKnownFileType = wrapper.framework; name = Cocoa.framework; path = System/Library/Frameworks/Cocoa.framework; sourceTree = SDKROOT; };
		F8B6F10C13895EA400F4CC65 /* libxml2.dylib */ = {isa = PBXFileReference; lastKnownFileType = "compiled.mach-o.dylib"; name = libxml2.dylib; path = usr/lib/libxml2.dylib; sourceTree = SDKROOT; };
/* End PBXFileReference section */

/* Begin PBXFrameworksBuildPhase section */
		B42F9EB21A48657E0007FC96 /* Frameworks */ = {
			isa = PBXFrameworksBuildPhase;
			buildActionMask = 2147483647;
			files = (
				B42F9F2D1A4868690007FC96 /* Cocoa.framework in Frameworks */,
				B42F9F2F1A48686F0007FC96 /* libxml2.dylib in Frameworks */,
			);
			runOnlyForDeploymentPostprocessing = 0;
		};
		B42F9F3E1A488F830007FC96 /* Frameworks */ = {
			isa = PBXFrameworksBuildPhase;
			buildActionMask = 2147483647;
			files = (
			);
			runOnlyForDeploymentPostprocessing = 0;
		};
		B45720CB1857D487005632B7 /* Frameworks */ = {
			isa = PBXFrameworksBuildPhase;
			buildActionMask = 2147483647;
			files = (
				B42F9ECD1A48657E0007FC96 /* XSDConverterCore.framework in Frameworks */,
				B45720CF1857D487005632B7 /* Cocoa.framework in Frameworks */,
			);
			runOnlyForDeploymentPostprocessing = 0;
		};
/* End PBXFrameworksBuildPhase section */

/* Begin PBXGroup section */
		B342A5281A9657740061C546 /* concrete swift tests */ = {
			isa = PBXGroup;
			children = (
				B342A5241A9655310061C546 /* AddressTestsSwift.m */,
				B3BCCFB51AE26A4A005D31AC /* ConfigFeaturesTestsSwift.m */,
				B342A5211A9655010061C546 /* SimpleTypesTestsSwift.m */,
				B342A5261A96564E0061C546 /* WeblinksTestsSwift.m */,
			);
			name = "concrete swift tests";
			sourceTree = "<group>";
		};
		B342A5291A9657A40061C546 /* concrete objc tests */ = {
			isa = PBXGroup;
			children = (
				B4C21F591A5B26F7004F12F0 /* AddressTestsObjC.m */,
				B3BCCFB31AE268C0005D31AC /* ConfigFeaturesTestsObjC.m */,
				B42A11121A6478DC00F42ED3 /* SimpleTypesTestsObjC.m */,
				B42F9F591A4890CE0007FC96 /* WeblinksTestsObjC.m */,
			);
			name = "concrete objc tests";
			sourceTree = "<group>";
		};
		B344F4271A9A76400078C679 /* DDUncrustifyFormat */ = {
			isa = PBXGroup;
			children = (
				B344F4281A9A76400078C679 /* DDUncrustifyFormatter.h */,
				B344F4291A9A76400078C679 /* DDUncrustifyFormatter.m */,
				B344F42A1A9A76400078C679 /* uncrustify */,
				B344F42B1A9A76400078C679 /* uncrustify_objc.cfg */,
				B344F42C1A9A76400078C679 /* uncrustify_swift.cfg */,
			);
			path = DDUncrustifyFormat;
			sourceTree = "<group>";
		};
		B3C971631AD17B8C00CD1DD9 /* MGTemplateEngine */ = {
			isa = PBXGroup;
			children = (
				B3C971641AD17B8C00CD1DD9 /* DeepMutableCopy.h */,
				B3C971651AD17B8C00CD1DD9 /* ICUTemplateMatcher.h */,
				B3C971661AD17B8C00CD1DD9 /* ICUTemplateMatcher.m */,
				B3C971671AD17B8C00CD1DD9 /* MGTemplateEngine.h */,
				B3C971681AD17B8C00CD1DD9 /* MGTemplateEngine.m */,
				B3C971691AD17B8C00CD1DD9 /* MGTemplateFilter.h */,
				B3C9716A1AD17B8C00CD1DD9 /* MGTemplateMarker.h */,
				B3C9716B1AD17B8C00CD1DD9 /* MGTemplateStandardFilters.h */,
				B3C9716C1AD17B8C00CD1DD9 /* MGTemplateStandardFilters.m */,
				B3C9716D1AD17B8C00CD1DD9 /* MGTemplateStandardMarkers.h */,
				B3C9716E1AD17B8C00CD1DD9 /* MGTemplateStandardMarkers.m */,
				B3C9716F1AD17B8C00CD1DD9 /* NSArray_DeepMutableCopy.h */,
				B3C971701AD17B8C00CD1DD9 /* NSArray_DeepMutableCopy.m */,
				B3C971711AD17B8C00CD1DD9 /* NSDictionary_DeepMutableCopy.h */,
				B3C971721AD17B8C00CD1DD9 /* NSDictionary_DeepMutableCopy.m */,
			);
			path = MGTemplateEngine;
			sourceTree = "<group>";
		};
		B3CB36B21A9348F500FB4CAA /* Disabled */ = {
			isa = PBXGroup;
			children = (
				B44ACBED1A5396E90030DFEA /* DDFrameworkWriter */,
			);
			name = Disabled;
			sourceTree = "<group>";
		};
		B42F9ED71A48663F0007FC96 /* framework */ = {
			isa = PBXGroup;
			children = (
				B42F9F021A48663F0007FC96 /* XSDConverterCore.h */,
				B42F9F001A48663F0007FC96 /* XMLUtils.h */,
				B42F9F031A48663F0007FC96 /* XSDschema.h */,
				B42F9F301A487B520007FC96 /* XSType.h */,
				B42F9F011A48663F0007FC96 /* XMLUtils.m */,
				B42F9F041A48663F0007FC96 /* XSDschema.m */,
				B42F9ED81A48663F0007FC96 /* Info.plist */,
				B42F9ED91A48663F0007FC96 /* objects */,
				B42F9EE71A48663F0007FC96 /* vendor */,
				B42F9EFC1A48663F0007FC96 /* Templates & files */,
			);
			path = framework;
			sourceTree = "<group>";
		};
		B42F9ED91A48663F0007FC96 /* objects */ = {
			isa = PBXGroup;
			children = (
				B3C971821AD17BAB00CD1DD9 /* XSDenumeration.h */,
				B3C971831AD17BAB00CD1DD9 /* XSDenumeration.m */,
				B49B8CFA1A4DCFE9001A2D91 /* XSDAnnotation.h */,
				B49B8CFB1A4DCFE9001A2D91 /* XSDAnnotation.m */,
				B42F9EDA1A48663F0007FC96 /* XSDattribute.h */,
				B42F9EDB1A48663F0007FC96 /* XSDattribute.m */,
				B42F9EDC1A48663F0007FC96 /* XSDcomplexType.h */,
				B42F9EDD1A48663F0007FC96 /* XSDcomplexType.m */,
				B42F9EDE1A48663F0007FC96 /* XSDelement.h */,
				B42F9EDF1A48663F0007FC96 /* XSDelement.m */,
				B42F9EE01A48663F0007FC96 /* XSDexplicitGroup.h */,
				B42F9EE11A48663F0007FC96 /* XSDexplicitGroup.m */,
				B42F9EE21A48663F0007FC96 /* XSSchemaNode.h */,
				B42F9EE31A48663F0007FC96 /* XSSchemaNode.m */,
				B42F9EE41A48663F0007FC96 /* XSSimpleType.h */,
				B42F9EE51A48663F0007FC96 /* XSSimpleType.m */,
			);
			path = objects;
			sourceTree = "<group>";
		};
		B42F9EE71A48663F0007FC96 /* vendor */ = {
			isa = PBXGroup;
			children = (
				B3C971991AD19A6F00CD1DD9 /* FileFormatter.h */,
				B3CB36B21A9348F500FB4CAA /* Disabled */,
				B4F0DD601A6BE6A7003BD66A /* ClangFormat */,
				B3C971631AD17B8C00CD1DD9 /* MGTemplateEngine */,
				B44ACBF21A53992B0030DFEA /* DDRunTask */,
				B344F4271A9A76400078C679 /* DDUncrustifyFormat */,
			);
			path = vendor;
			sourceTree = "<group>";
		};
		B42F9EFC1A48663F0007FC96 /* Templates & files */ = {
			isa = PBXGroup;
			children = (
				B4BAB2521A614C440073C821 /* Schema */,
				B444BED31A633CB000FCA8DA /* Templates */,
				B4BAB2531A614C7E0073C821 /* nameChanges.xml */,
				B42F9FA71A48B95B0007FC96 /* datatypes.xml */,
			);
			name = "Templates & files";
			path = xmls;
			sourceTree = "<group>";
		};
		B42F9F561A4890CE0007FC96 /* tests */ = {
			isa = PBXGroup;
			children = (
				B342A5291A9657A40061C546 /* concrete objc tests */,
				B342A5281A9657740061C546 /* concrete swift tests */,
				B42F9F5A1A4890CE0007FC96 /* xmls */,
				B42F9F581A4890CE0007FC96 /* Info.plist */,
				B4BB5A211A4AC4710044305B /* XSDTestCaseObjC.h */,
				B4BB5A221A4AC4710044305B /* XSDTestCaseObjC.m */,
				B342A52A1A9658190061C546 /* XSDTestCaseSwift.h */,
				B342A52B1A9658190061C546 /* XSDTestCaseSwift.m */,
			);
			path = tests;
			sourceTree = "<group>";
		};
		B42F9F5A1A4890CE0007FC96 /* xmls */ = {
			isa = PBXGroup;
			children = (
				B3BCCFAF1AE26882005D31AC /* configFeatures.xml */,
				B3BCCFB01AE26882005D31AC /* configFeatures.xsd */,
				B42A11141A64791700F42ED3 /* simpleTypes.xml */,
				B42A11151A64791700F42ED3 /* simpleTypes.xsd */,
				B42F9F5F1A4890CE0007FC96 /* weblinks.xml */,
				B42F9F601A4890CE0007FC96 /* weblinks.xsd */,
				B4C21F4B1A5B1D74004F12F0 /* weblinks_groups.xsd */,
				B4BAB24F1A61411F0073C821 /* weblinks_test.xsd */,
				B4C21F4F1A5B2688004F12F0 /* address.xml */,
				B4C21F501A5B2688004F12F0 /* address.xsd */,
				B4C21F511A5B2688004F12F0 /* address_StreetInfo.xsd */,
				B4C21F521A5B2688004F12F0 /* address_UnitInfo.xsd */,
			);
			path = xmls;
			sourceTree = "<group>";
		};
		B444BED31A633CB000FCA8DA /* Templates */ = {
			isa = PBXGroup;
			children = (
				B42F9EFD1A48663F0007FC96 /* template-objc.xml */,
				B444BECF1A628BC700FCA8DA /* template-swift.xml */,
				B444BED11A633C5D00FCA8DA /* libxml-bridging-header.header */,
			);
			name = Templates;
			sourceTree = "<group>";
		};
		B44ACBED1A5396E90030DFEA /* DDFrameworkWriter */ = {
			isa = PBXGroup;
			children = (
				B44ACBEE1A5396E90030DFEA /* DDFrameworkWriter.h */,
				B44ACBEF1A5396E90030DFEA /* DDFrameworkWriter.m */,
			);
			path = DDFrameworkWriter;
			sourceTree = "<group>";
		};
		B44ACBF21A53992B0030DFEA /* DDRunTask */ = {
			isa = PBXGroup;
			children = (
				B44ACBF31A53992B0030DFEA /* DDRunTask.h */,
				B44ACBF41A53992B0030DFEA /* DDRunTask.m */,
			);
			path = DDRunTask;
			sourceTree = "<group>";
		};
		B45720FE1857D532005632B7 /* app */ = {
			isa = PBXGroup;
			children = (
				B45720FF1857D532005632B7 /* AppDelegate.h */,
				B45721001857D532005632B7 /* AppDelegate.m */,
				B45721081857D532005632B7 /* main.m */,
				B4C55C4818707FEB0006D92A /* AppIcon.icns */,
				B4C55C4618707F2A0006D92A /* MainMenu.xib */,
				B42F9E701A4850150007FC96 /* Info.plist */,
			);
			path = app;
			sourceTree = "<group>";
		};
		B4BAB2521A614C440073C821 /* Schema */ = {
			isa = PBXGroup;
			children = (
				B42F9EFF1A48663F0007FC96 /* XMLSchema.xsd */,
				B42F9EFE1A48663F0007FC96 /* template.xsd */,
			);
			name = Schema;
			sourceTree = "<group>";
		};
		B4F0DD601A6BE6A7003BD66A /* ClangFormat */ = {
			isa = PBXGroup;
			children = (
				B4F0DD611A6BE6A7003BD66A /* clang-format */,
				B4F0DD621A6BE6A7003BD66A /* TRVSFormatter.h */,
				B4F0DD631A6BE6A7003BD66A /* TRVSFormatter.m */,
			);
			path = ClangFormat;
			sourceTree = "<group>";
		};
		F8E422A9138834E90047AA8C = {
			isa = PBXGroup;
			children = (
				B3E76CFA1ADAE79400ED22B5 /* README.md */,
				B45720FE1857D532005632B7 /* app */,
				B42F9ED71A48663F0007FC96 /* framework */,
				B42F9F561A4890CE0007FC96 /* tests */,
				F8E422B7138834E90047AA8C /* External Frameworks */,
				F8E422B5138834E90047AA8C /* Products */,
			);
			sourceTree = "<group>";
		};
		F8E422B5138834E90047AA8C /* Products */ = {
			isa = PBXGroup;
			children = (
				B45720CE1857D487005632B7 /* XSDConverter.app */,
				B42F9EB61A48657E0007FC96 /* XSDConverterCore.framework */,
				B42F9F411A488F830007FC96 /* XSDConverterCoreTests.xctest */,
			);
			name = Products;
			sourceTree = "<group>";
		};
		F8E422B7138834E90047AA8C /* External Frameworks */ = {
			isa = PBXGroup;
			children = (
				F8B6F10C13895EA400F4CC65 /* libxml2.dylib */,
				B4F495AE1857BFCA00A6E488 /* Cocoa.framework */,
			);
			name = "External Frameworks";
			sourceTree = "<group>";
		};
/* End PBXGroup section */

/* Begin PBXHeadersBuildPhase section */
		B42F9EB31A48657E0007FC96 /* Headers */ = {
			isa = PBXHeadersBuildPhase;
			buildActionMask = 2147483647;
			files = (
				B42F9F2B1A4866400007FC96 /* XSDschema.h in Headers */,
				B3C9717C1AD17B8C00CD1DD9 /* MGTemplateStandardMarkers.h in Headers */,
				B3C971781AD17B8C00CD1DD9 /* MGTemplateFilter.h in Headers */,
				B344F42D1A9A76400078C679 /* DDUncrustifyFormatter.h in Headers */,
				B42F9F101A48663F0007FC96 /* XSSimpleType.h in Headers */,
				B3C971801AD17B8C00CD1DD9 /* NSDictionary_DeepMutableCopy.h in Headers */,
				B44ACBF01A5396E90030DFEA /* DDFrameworkWriter.h in Headers */,
				B42F9F081A48663F0007FC96 /* XSDcomplexType.h in Headers */,
				B42F9F061A48663F0007FC96 /* XSDattribute.h in Headers */,
				B49B8CFC1A4DCFE9001A2D91 /* XSDAnnotation.h in Headers */,
				B4F0DD651A6BE6A7003BD66A /* TRVSFormatter.h in Headers */,
				B3C971761AD17B8C00CD1DD9 /* MGTemplateEngine.h in Headers */,
				B42F9F311A487B520007FC96 /* XSType.h in Headers */,
				B42F9F0C1A48663F0007FC96 /* XSDexplicitGroup.h in Headers */,
				B3C971731AD17B8C00CD1DD9 /* DeepMutableCopy.h in Headers */,
				B3C9719A1AD19A6F00CD1DD9 /* FileFormatter.h in Headers */,
				B3C971841AD17BAB00CD1DD9 /* XSDenumeration.h in Headers */,
				B3C971741AD17B8C00CD1DD9 /* ICUTemplateMatcher.h in Headers */,
				B3C9717A1AD17B8C00CD1DD9 /* MGTemplateStandardFilters.h in Headers */,
				B3C971791AD17B8C00CD1DD9 /* MGTemplateMarker.h in Headers */,
				B42F9F2A1A4866400007FC96 /* XSDConverterCore.h in Headers */,
				B42F9F0E1A48663F0007FC96 /* XSSchemaNode.h in Headers */,
				B3C9717E1AD17B8C00CD1DD9 /* NSArray_DeepMutableCopy.h in Headers */,
				B44ACBF51A53992B0030DFEA /* DDRunTask.h in Headers */,
				B42F9F0A1A48663F0007FC96 /* XSDelement.h in Headers */,
				B42F9F281A4866400007FC96 /* XMLUtils.h in Headers */,
			);
			runOnlyForDeploymentPostprocessing = 0;
		};
/* End PBXHeadersBuildPhase section */

/* Begin PBXNativeTarget section */
		B42F9EB51A48657E0007FC96 /* XSDConverterCore */ = {
			isa = PBXNativeTarget;
			buildConfigurationList = B42F9ECF1A48657E0007FC96 /* Build configuration list for PBXNativeTarget "XSDConverterCore" */;
			buildPhases = (
				B42F9EB11A48657E0007FC96 /* Sources */,
				B42F9EB21A48657E0007FC96 /* Frameworks */,
				B42F9EB31A48657E0007FC96 /* Headers */,
				B42F9EB41A48657E0007FC96 /* Resources */,
			);
			buildRules = (
			);
			dependencies = (
			);
			name = XSDConverterCore;
			productName = XSDConverterCore;
			productReference = B42F9EB61A48657E0007FC96 /* XSDConverterCore.framework */;
			productType = "com.apple.product-type.framework";
		};
		B42F9F401A488F830007FC96 /* XSDConverterCoreTests */ = {
			isa = PBXNativeTarget;
			buildConfigurationList = B42F9F531A488F830007FC96 /* Build configuration list for PBXNativeTarget "XSDConverterCoreTests" */;
			buildPhases = (
				B42F9F3D1A488F830007FC96 /* Sources */,
				B42F9F3E1A488F830007FC96 /* Frameworks */,
				B42F9F3F1A488F830007FC96 /* Resources */,
			);
			buildRules = (
			);
			dependencies = (
				B42F9F461A488F830007FC96 /* PBXTargetDependency */,
			);
			name = XSDConverterCoreTests;
			productName = ASDATests;
			productReference = B42F9F411A488F830007FC96 /* XSDConverterCoreTests.xctest */;
			productType = "com.apple.product-type.bundle.unit-test";
		};
		B45720CD1857D487005632B7 /* XSDConverter */ = {
			isa = PBXNativeTarget;
			buildConfigurationList = B45720F51857D487005632B7 /* Build configuration list for PBXNativeTarget "XSDConverter" */;
			buildPhases = (
				B45720CA1857D487005632B7 /* Sources */,
				B45720CB1857D487005632B7 /* Frameworks */,
				B45720CC1857D487005632B7 /* Resources */,
				B42F9ED21A48657E0007FC96 /* Embed Frameworks */,
			);
			buildRules = (
			);
			dependencies = (
				B42F9ECC1A48657E0007FC96 /* PBXTargetDependency */,
			);
			name = XSDConverter;
			productName = app;
			productReference = B45720CE1857D487005632B7 /* XSDConverter.app */;
			productType = "com.apple.product-type.application";
		};
/* End PBXNativeTarget section */

/* Begin PBXProject section */
		F8E422AB138834E90047AA8C /* Project object */ = {
			isa = PBXProject;
			attributes = {
				LastUpgradeCheck = 0620;
				TargetAttributes = {
					B42F9EB51A48657E0007FC96 = {
						CreatedOnToolsVersion = 6.2;
					};
					B42F9F401A488F830007FC96 = {
						CreatedOnToolsVersion = 6.2;
						TestTargetID = B45720CD1857D487005632B7;
					};
				};
			};
			buildConfigurationList = F8E422AE138834E90047AA8C /* Build configuration list for PBXProject "XSDConverter" */;
			compatibilityVersion = "Xcode 3.2";
			developmentRegion = English;
			hasScannedForEncodings = 0;
			knownRegions = (
				en,
				Base,
			);
			mainGroup = F8E422A9138834E90047AA8C;
			productRefGroup = F8E422B5138834E90047AA8C /* Products */;
			projectDirPath = "";
			projectRoot = "";
			targets = (
				B45720CD1857D487005632B7 /* XSDConverter */,
				B42F9EB51A48657E0007FC96 /* XSDConverterCore */,
				B42F9F401A488F830007FC96 /* XSDConverterCoreTests */,
			);
		};
/* End PBXProject section */

/* Begin PBXResourcesBuildPhase section */
		B42F9EB41A48657E0007FC96 /* Resources */ = {
			isa = PBXResourcesBuildPhase;
			buildActionMask = 2147483647;
			files = (
				B4D1F4D01A63C79E003A31E4 /* libxml-bridging-header.header in Resources */,
				B4BAB2551A6174FC0073C821 /* nameChanges.xml in Resources */,
				B444BED01A628BC700FCA8DA /* template-swift.xml in Resources */,
				B42F9F261A4866400007FC96 /* template.xsd in Resources */,
				B42F9FA91A48B9610007FC96 /* datatypes.xml in Resources */,
				B344F42F1A9A76400078C679 /* uncrustify in Resources */,
				B42F9F251A4866400007FC96 /* template-objc.xml in Resources */,
				B3C9719B1AD19ABC00CD1DD9 /* clang-format in Resources */,
				B344F4301A9A76400078C679 /* uncrustify_objc.cfg in Resources */,
				B344F4311A9A76400078C679 /* uncrustify_swift.cfg in Resources */,
				B42F9F271A4866400007FC96 /* XMLSchema.xsd in Resources */,
			);
			runOnlyForDeploymentPostprocessing = 0;
		};
		B42F9F3F1A488F830007FC96 /* Resources */ = {
			isa = PBXResourcesBuildPhase;
			buildActionMask = 2147483647;
			files = (
				B3BCCFB21AE26882005D31AC /* configFeatures.xsd in Resources */,
				B4C21F531A5B2688004F12F0 /* address.xml in Resources */,
				B42A11171A64791700F42ED3 /* simpleTypes.xsd in Resources */,
				B42F9F691A4890CE0007FC96 /* weblinks.xsd in Resources */,
				B4C21F551A5B2688004F12F0 /* address_StreetInfo.xsd in Resources */,
				B42A11161A64791700F42ED3 /* simpleTypes.xml in Resources */,
				B3BCCFB11AE26882005D31AC /* configFeatures.xml in Resources */,
				B42F9F681A4890CE0007FC96 /* weblinks.xml in Resources */,
				B4BAB2511A6147A50073C821 /* weblinks_test.xsd in Resources */,
				B4C21F541A5B2688004F12F0 /* address.xsd in Resources */,
				B4C21F4C1A5B1D74004F12F0 /* weblinks_groups.xsd in Resources */,
				B4C21F561A5B2688004F12F0 /* address_UnitInfo.xsd in Resources */,
			);
			runOnlyForDeploymentPostprocessing = 0;
		};
		B45720CC1857D487005632B7 /* Resources */ = {
			isa = PBXResourcesBuildPhase;
			buildActionMask = 2147483647;
			files = (
				B4C55C4918707FEB0006D92A /* AppIcon.icns in Resources */,
				B4C55C4718707F2A0006D92A /* MainMenu.xib in Resources */,
			);
			runOnlyForDeploymentPostprocessing = 0;
		};
/* End PBXResourcesBuildPhase section */

/* Begin PBXSourcesBuildPhase section */
		B42F9EB11A48657E0007FC96 /* Sources */ = {
			isa = PBXSourcesBuildPhase;
			buildActionMask = 2147483647;
			files = (
				B3C9719C1AD19ABC00CD1DD9 /* TRVSFormatter.m in Sources */,
				B3C971751AD17B8C00CD1DD9 /* ICUTemplateMatcher.m in Sources */,
				B42F9F0B1A48663F0007FC96 /* XSDelement.m in Sources */,
				B42F9F091A48663F0007FC96 /* XSDcomplexType.m in Sources */,
				B3C971851AD17BAB00CD1DD9 /* XSDenumeration.m in Sources */,
				B42F9F111A48663F0007FC96 /* XSSimpleType.m in Sources */,
				B344F42E1A9A76400078C679 /* DDUncrustifyFormatter.m in Sources */,
				B49B8CFD1A4DCFE9001A2D91 /* XSDAnnotation.m in Sources */,
				B3C9717F1AD17B8C00CD1DD9 /* NSArray_DeepMutableCopy.m in Sources */,
				B42F9F071A48663F0007FC96 /* XSDattribute.m in Sources */,
				B3C971771AD17B8C00CD1DD9 /* MGTemplateEngine.m in Sources */,
				B3CB36B31A93493200FB4CAA /* DDRunTask.m in Sources */,
				B42F9F0F1A48663F0007FC96 /* XSSchemaNode.m in Sources */,
				B3C971811AD17B8C00CD1DD9 /* NSDictionary_DeepMutableCopy.m in Sources */,
				B3C9717D1AD17B8C00CD1DD9 /* MGTemplateStandardMarkers.m in Sources */,
				B3C9717B1AD17B8C00CD1DD9 /* MGTemplateStandardFilters.m in Sources */,
				B42F9F291A4866400007FC96 /* XMLUtils.m in Sources */,
				B42F9F0D1A48663F0007FC96 /* XSDexplicitGroup.m in Sources */,
				B42F9F2C1A4866400007FC96 /* XSDschema.m in Sources */,
			);
			runOnlyForDeploymentPostprocessing = 0;
		};
		B42F9F3D1A488F830007FC96 /* Sources */ = {
			isa = PBXSourcesBuildPhase;
			buildActionMask = 2147483647;
			files = (
				B3BCCFB61AE26A4A005D31AC /* ConfigFeaturesTestsSwift.m in Sources */,
				B342A5271A96564E0061C546 /* WeblinksTestsSwift.m in Sources */,
				B4BB5A231A4AC4710044305B /* XSDTestCaseObjC.m in Sources */,
				B342A5231A9655060061C546 /* SimpleTypesTestsSwift.m in Sources */,
				B342A5251A9655310061C546 /* AddressTestsSwift.m in Sources */,
				B42F9F631A4890CE0007FC96 /* WeblinksTestsObjC.m in Sources */,
				B342A52C1A9658190061C546 /* XSDTestCaseSwift.m in Sources */,
				B4C21F5A1A5B26F7004F12F0 /* AddressTestsObjC.m in Sources */,
				B3BCCFB41AE268C0005D31AC /* ConfigFeaturesTestsObjC.m in Sources */,
				B42A11131A6478DC00F42ED3 /* SimpleTypesTestsObjC.m in Sources */,
			);
			runOnlyForDeploymentPostprocessing = 0;
		};
		B45720CA1857D487005632B7 /* Sources */ = {
			isa = PBXSourcesBuildPhase;
			buildActionMask = 2147483647;
			files = (
				B3E76CFB1ADAE79400ED22B5 /* README.md in Sources */,
				B45721101857D532005632B7 /* main.m in Sources */,
				B457210B1857D532005632B7 /* AppDelegate.m in Sources */,
			);
			runOnlyForDeploymentPostprocessing = 0;
		};
/* End PBXSourcesBuildPhase section */

/* Begin PBXTargetDependency section */
		B42F9ECC1A48657E0007FC96 /* PBXTargetDependency */ = {
			isa = PBXTargetDependency;
			target = B42F9EB51A48657E0007FC96 /* XSDConverterCore */;
			targetProxy = B42F9ECB1A48657E0007FC96 /* PBXContainerItemProxy */;
		};
		B42F9F461A488F830007FC96 /* PBXTargetDependency */ = {
			isa = PBXTargetDependency;
			target = B45720CD1857D487005632B7 /* XSDConverter */;
			targetProxy = B42F9F451A488F830007FC96 /* PBXContainerItemProxy */;
		};
/* End PBXTargetDependency section */

/* Begin XCBuildConfiguration section */
		B42F9ED01A48657E0007FC96 /* Debug */ = {
			isa = XCBuildConfiguration;
			buildSettings = {
				ALWAYS_SEARCH_USER_PATHS = NO;
				CLANG_CXX_LANGUAGE_STANDARD = "gnu++0x";
				CLANG_CXX_LIBRARY = "libc++";
				CLANG_ENABLE_MODULES = YES;
				CLANG_ENABLE_OBJC_ARC = YES;
				CLANG_WARN_BOOL_CONVERSION = YES;
				CLANG_WARN_CONSTANT_CONVERSION = YES;
				CLANG_WARN_DIRECT_OBJC_ISA_USAGE = YES_ERROR;
				CLANG_WARN_EMPTY_BODY = YES;
				CLANG_WARN_ENUM_CONVERSION = YES;
				CLANG_WARN_INT_CONVERSION = YES;
				CLANG_WARN_OBJC_ROOT_CLASS = YES_ERROR;
				CLANG_WARN_UNREACHABLE_CODE = YES;
				CLANG_WARN__DUPLICATE_METHOD_MATCH = YES;
				COMBINE_HIDPI_IMAGES = YES;
				COPY_PHASE_STRIP = NO;
				CURRENT_PROJECT_VERSION = 1;
				DEFINES_MODULE = YES;
				DYLIB_COMPATIBILITY_VERSION = 1;
				DYLIB_CURRENT_VERSION = 1;
				DYLIB_INSTALL_NAME_BASE = "@rpath";
				ENABLE_STRICT_OBJC_MSGSEND = YES;
				FRAMEWORK_VERSION = A;
				GCC_DYNAMIC_NO_PIC = NO;
				GCC_PREPROCESSOR_DEFINITIONS = (
					"DEBUG=1",
					"$(inherited)",
				);
				GCC_WARN_ABOUT_RETURN_TYPE = YES_ERROR;
				GCC_WARN_UNDECLARED_SELECTOR = YES;
				GCC_WARN_UNINITIALIZED_AUTOS = YES_AGGRESSIVE;
				GCC_WARN_UNUSED_FUNCTION = YES;
				INFOPLIST_FILE = framework/Info.plist;
				INSTALL_PATH = "$(LOCAL_LIBRARY_DIR)/Frameworks";
				LD_RUNPATH_SEARCH_PATHS = "$(inherited) @executable_path/../Frameworks @loader_path/Frameworks";
				MTL_ENABLE_DEBUG_INFO = YES;
				PRODUCT_NAME = "$(TARGET_NAME)";
				SKIP_INSTALL = YES;
				VERSIONING_SYSTEM = "apple-generic";
				VERSION_INFO_PREFIX = "";
			};
			name = Debug;
		};
		B42F9ED11A48657E0007FC96 /* Release */ = {
			isa = XCBuildConfiguration;
			buildSettings = {
				ALWAYS_SEARCH_USER_PATHS = NO;
				CLANG_CXX_LANGUAGE_STANDARD = "gnu++0x";
				CLANG_CXX_LIBRARY = "libc++";
				CLANG_ENABLE_MODULES = YES;
				CLANG_ENABLE_OBJC_ARC = YES;
				CLANG_WARN_BOOL_CONVERSION = YES;
				CLANG_WARN_CONSTANT_CONVERSION = YES;
				CLANG_WARN_DIRECT_OBJC_ISA_USAGE = YES_ERROR;
				CLANG_WARN_EMPTY_BODY = YES;
				CLANG_WARN_ENUM_CONVERSION = YES;
				CLANG_WARN_INT_CONVERSION = YES;
				CLANG_WARN_OBJC_ROOT_CLASS = YES_ERROR;
				CLANG_WARN_UNREACHABLE_CODE = YES;
				CLANG_WARN__DUPLICATE_METHOD_MATCH = YES;
				COMBINE_HIDPI_IMAGES = YES;
				COPY_PHASE_STRIP = YES;
				CURRENT_PROJECT_VERSION = 1;
				DEBUG_INFORMATION_FORMAT = "dwarf-with-dsym";
				DEFINES_MODULE = YES;
				DYLIB_COMPATIBILITY_VERSION = 1;
				DYLIB_CURRENT_VERSION = 1;
				DYLIB_INSTALL_NAME_BASE = "@rpath";
				ENABLE_NS_ASSERTIONS = NO;
				ENABLE_STRICT_OBJC_MSGSEND = YES;
				FRAMEWORK_VERSION = A;
				GCC_WARN_ABOUT_RETURN_TYPE = YES_ERROR;
				GCC_WARN_UNDECLARED_SELECTOR = YES;
				GCC_WARN_UNINITIALIZED_AUTOS = YES_AGGRESSIVE;
				GCC_WARN_UNUSED_FUNCTION = YES;
				INFOPLIST_FILE = framework/Info.plist;
				INSTALL_PATH = "$(LOCAL_LIBRARY_DIR)/Frameworks";
				LD_RUNPATH_SEARCH_PATHS = "$(inherited) @executable_path/../Frameworks @loader_path/Frameworks";
				MTL_ENABLE_DEBUG_INFO = NO;
				PRODUCT_NAME = "$(TARGET_NAME)";
				SKIP_INSTALL = YES;
				VERSIONING_SYSTEM = "apple-generic";
				VERSION_INFO_PREFIX = "";
			};
			name = Release;
		};
		B42F9F541A488F830007FC96 /* Debug */ = {
			isa = XCBuildConfiguration;
			buildSettings = {
				ALWAYS_SEARCH_USER_PATHS = NO;
				CLANG_CXX_LANGUAGE_STANDARD = "gnu++0x";
				CLANG_CXX_LIBRARY = "libc++";
				CLANG_ENABLE_MODULES = YES;
				CLANG_ENABLE_OBJC_ARC = YES;
				CLANG_WARN_BOOL_CONVERSION = YES;
				CLANG_WARN_CONSTANT_CONVERSION = YES;
				CLANG_WARN_DIRECT_OBJC_ISA_USAGE = YES_ERROR;
				CLANG_WARN_EMPTY_BODY = YES;
				CLANG_WARN_ENUM_CONVERSION = YES;
				CLANG_WARN_INT_CONVERSION = YES;
				CLANG_WARN_OBJC_ROOT_CLASS = YES_ERROR;
				CLANG_WARN_UNREACHABLE_CODE = YES;
				CLANG_WARN__DUPLICATE_METHOD_MATCH = YES;
				COMBINE_HIDPI_IMAGES = YES;
				COPY_PHASE_STRIP = NO;
				ENABLE_STRICT_OBJC_MSGSEND = YES;
				FRAMEWORK_SEARCH_PATHS = (
					"$(DEVELOPER_FRAMEWORKS_DIR)",
					"$(inherited)",
				);
				GCC_DYNAMIC_NO_PIC = NO;
				GCC_PREPROCESSOR_DEFINITIONS = (
					"DEBUG=1",
					"$(inherited)",
				);
				GCC_WARN_ABOUT_RETURN_TYPE = YES_ERROR;
				GCC_WARN_UNDECLARED_SELECTOR = YES;
				GCC_WARN_UNINITIALIZED_AUTOS = YES_AGGRESSIVE;
				GCC_WARN_UNUSED_FUNCTION = YES;
				INFOPLIST_FILE = tests/Info.plist;
				LD_RUNPATH_SEARCH_PATHS = "$(inherited) @executable_path/../Frameworks @loader_path/../Frameworks";
				MTL_ENABLE_DEBUG_INFO = YES;
				PRODUCT_NAME = "$(TARGET_NAME)";
				TEST_HOST = "$(BUILT_PRODUCTS_DIR)/XSDConverter.app/Contents/MacOS/XSDConverter";
			};
			name = Debug;
		};
		B42F9F551A488F830007FC96 /* Release */ = {
			isa = XCBuildConfiguration;
			buildSettings = {
				ALWAYS_SEARCH_USER_PATHS = NO;
				CLANG_CXX_LANGUAGE_STANDARD = "gnu++0x";
				CLANG_CXX_LIBRARY = "libc++";
				CLANG_ENABLE_MODULES = YES;
				CLANG_ENABLE_OBJC_ARC = YES;
				CLANG_WARN_BOOL_CONVERSION = YES;
				CLANG_WARN_CONSTANT_CONVERSION = YES;
				CLANG_WARN_DIRECT_OBJC_ISA_USAGE = YES_ERROR;
				CLANG_WARN_EMPTY_BODY = YES;
				CLANG_WARN_ENUM_CONVERSION = YES;
				CLANG_WARN_INT_CONVERSION = YES;
				CLANG_WARN_OBJC_ROOT_CLASS = YES_ERROR;
				CLANG_WARN_UNREACHABLE_CODE = YES;
				CLANG_WARN__DUPLICATE_METHOD_MATCH = YES;
				COMBINE_HIDPI_IMAGES = YES;
				COPY_PHASE_STRIP = YES;
				DEBUG_INFORMATION_FORMAT = "dwarf-with-dsym";
				ENABLE_NS_ASSERTIONS = NO;
				ENABLE_STRICT_OBJC_MSGSEND = YES;
				FRAMEWORK_SEARCH_PATHS = (
					"$(DEVELOPER_FRAMEWORKS_DIR)",
					"$(inherited)",
				);
				GCC_WARN_ABOUT_RETURN_TYPE = YES_ERROR;
				GCC_WARN_UNDECLARED_SELECTOR = YES;
				GCC_WARN_UNINITIALIZED_AUTOS = YES_AGGRESSIVE;
				GCC_WARN_UNUSED_FUNCTION = YES;
				INFOPLIST_FILE = tests/Info.plist;
				LD_RUNPATH_SEARCH_PATHS = "$(inherited) @executable_path/../Frameworks @loader_path/../Frameworks";
				MTL_ENABLE_DEBUG_INFO = NO;
				PRODUCT_NAME = "$(TARGET_NAME)";
				TEST_HOST = "$(BUILT_PRODUCTS_DIR)/XSDConverter.app/Contents/MacOS/XSDConverter";
			};
			name = Release;
		};
		B45720F61857D487005632B7 /* Debug */ = {
			isa = XCBuildConfiguration;
			buildSettings = {
				ALWAYS_SEARCH_USER_PATHS = NO;
				ASSETCATALOG_COMPILER_APPICON_NAME = AppIcon;
				CLANG_CXX_LANGUAGE_STANDARD = "gnu++0x";
				CLANG_CXX_LIBRARY = "libc++";
				CLANG_ENABLE_OBJC_ARC = YES;
				CLANG_WARN_BOOL_CONVERSION = YES;
				CLANG_WARN_CONSTANT_CONVERSION = YES;
				CLANG_WARN_DIRECT_OBJC_ISA_USAGE = YES_ERROR;
				CLANG_WARN_EMPTY_BODY = YES;
				CLANG_WARN_ENUM_CONVERSION = YES;
				CLANG_WARN_INT_CONVERSION = YES;
				CLANG_WARN_OBJC_ROOT_CLASS = YES_ERROR;
				CLANG_WARN__DUPLICATE_METHOD_MATCH = YES;
				COMBINE_HIDPI_IMAGES = YES;
				COPY_PHASE_STRIP = NO;
				GCC_DYNAMIC_NO_PIC = NO;
				GCC_ENABLE_OBJC_EXCEPTIONS = YES;
				GCC_PRECOMPILE_PREFIX_HEADER = YES;
				GCC_PREPROCESSOR_DEFINITIONS = (
					"DEBUG=1",
					"$(inherited)",
				);
				GCC_WARN_ABOUT_RETURN_TYPE = YES_ERROR;
				GCC_WARN_UNDECLARED_SELECTOR = YES;
				GCC_WARN_UNINITIALIZED_AUTOS = YES;
				GCC_WARN_UNUSED_FUNCTION = YES;
				INFOPLIST_FILE = app/Info.plist;
				LD_RUNPATH_SEARCH_PATHS = "$(inherited) @executable_path/../Frameworks";
				MACOSX_DEPLOYMENT_TARGET = 10.9;
				PRODUCT_NAME = XSDConverter;
				WRAPPER_EXTENSION = app;
			};
			name = Debug;
		};
		B45720F71857D487005632B7 /* Release */ = {
			isa = XCBuildConfiguration;
			buildSettings = {
				ALWAYS_SEARCH_USER_PATHS = NO;
				ASSETCATALOG_COMPILER_APPICON_NAME = AppIcon;
				CLANG_CXX_LANGUAGE_STANDARD = "gnu++0x";
				CLANG_CXX_LIBRARY = "libc++";
				CLANG_ENABLE_OBJC_ARC = YES;
				CLANG_WARN_BOOL_CONVERSION = YES;
				CLANG_WARN_CONSTANT_CONVERSION = YES;
				CLANG_WARN_DIRECT_OBJC_ISA_USAGE = YES_ERROR;
				CLANG_WARN_EMPTY_BODY = YES;
				CLANG_WARN_ENUM_CONVERSION = YES;
				CLANG_WARN_INT_CONVERSION = YES;
				CLANG_WARN_OBJC_ROOT_CLASS = YES_ERROR;
				CLANG_WARN__DUPLICATE_METHOD_MATCH = YES;
				COMBINE_HIDPI_IMAGES = YES;
				COPY_PHASE_STRIP = YES;
				DEBUG_INFORMATION_FORMAT = "dwarf-with-dsym";
				ENABLE_NS_ASSERTIONS = NO;
				GCC_ENABLE_OBJC_EXCEPTIONS = YES;
				GCC_PRECOMPILE_PREFIX_HEADER = YES;
				GCC_WARN_ABOUT_RETURN_TYPE = YES_ERROR;
				GCC_WARN_UNDECLARED_SELECTOR = YES;
				GCC_WARN_UNINITIALIZED_AUTOS = YES;
				GCC_WARN_UNUSED_FUNCTION = YES;
				INFOPLIST_FILE = app/Info.plist;
				LD_RUNPATH_SEARCH_PATHS = "$(inherited) @executable_path/../Frameworks";
				MACOSX_DEPLOYMENT_TARGET = 10.9;
				PRODUCT_NAME = XSDConverter;
				WRAPPER_EXTENSION = app;
			};
			name = Release;
		};
		F8E422C5138834E90047AA8C /* Debug */ = {
			isa = XCBuildConfiguration;
			buildSettings = {
				ALWAYS_SEARCH_USER_PATHS = YES;
				GCC_C_LANGUAGE_STANDARD = gnu99;
				GCC_OPTIMIZATION_LEVEL = 0;
				GCC_PREPROCESSOR_DEFINITIONS = DEBUG;
				GCC_SYMBOLS_PRIVATE_EXTERN = NO;
				GCC_VERSION = "";
				GCC_WARN_64_TO_32_BIT_CONVERSION = YES;
				GCC_WARN_ABOUT_RETURN_TYPE = YES;
				GCC_WARN_UNUSED_VARIABLE = YES;
				HEADER_SEARCH_PATHS = /usr/include/libxml2;
				LIBRARY_SEARCH_PATHS = "";
				MACOSX_DEPLOYMENT_TARGET = 10.9;
				ONLY_ACTIVE_ARCH = YES;
				OTHER_LDFLAGS = (
					"-ObjC",
					"-all_load",
				);
				SDKROOT = macosx;
				USER_HEADER_SEARCH_PATHS = "";
				VALID_ARCHS = x86_64;
			};
			name = Debug;
		};
		F8E422C6138834E90047AA8C /* Release */ = {
			isa = XCBuildConfiguration;
			buildSettings = {
				ALWAYS_SEARCH_USER_PATHS = YES;
				GCC_C_LANGUAGE_STANDARD = gnu99;
				GCC_VERSION = "";
				GCC_WARN_64_TO_32_BIT_CONVERSION = YES;
				GCC_WARN_ABOUT_RETURN_TYPE = YES;
				GCC_WARN_UNUSED_VARIABLE = YES;
				HEADER_SEARCH_PATHS = /usr/include/libxml2;
				LIBRARY_SEARCH_PATHS = "";
				MACOSX_DEPLOYMENT_TARGET = 10.9;
				OTHER_LDFLAGS = (
					"-ObjC",
					"-all_load",
				);
				SDKROOT = macosx;
				USER_HEADER_SEARCH_PATHS = "";
				VALID_ARCHS = x86_64;
			};
			name = Release;
		};
/* End XCBuildConfiguration section */

/* Begin XCConfigurationList section */
		B42F9ECF1A48657E0007FC96 /* Build configuration list for PBXNativeTarget "XSDConverterCore" */ = {
			isa = XCConfigurationList;
			buildConfigurations = (
				B42F9ED01A48657E0007FC96 /* Debug */,
				B42F9ED11A48657E0007FC96 /* Release */,
			);
			defaultConfigurationIsVisible = 0;
			defaultConfigurationName = Release;
		};
		B42F9F531A488F830007FC96 /* Build configuration list for PBXNativeTarget "XSDConverterCoreTests" */ = {
			isa = XCConfigurationList;
			buildConfigurations = (
				B42F9F541A488F830007FC96 /* Debug */,
				B42F9F551A488F830007FC96 /* Release */,
			);
			defaultConfigurationIsVisible = 0;
			defaultConfigurationName = Release;
		};
		B45720F51857D487005632B7 /* Build configuration list for PBXNativeTarget "XSDConverter" */ = {
			isa = XCConfigurationList;
			buildConfigurations = (
				B45720F61857D487005632B7 /* Debug */,
				B45720F71857D487005632B7 /* Release */,
			);
			defaultConfigurationIsVisible = 0;
			defaultConfigurationName = Release;
		};
		F8E422AE138834E90047AA8C /* Build configuration list for PBXProject "XSDConverter" */ = {
			isa = XCConfigurationList;
			buildConfigurations = (
				F8E422C5138834E90047AA8C /* Debug */,
				F8E422C6138834E90047AA8C /* Release */,
			);
			defaultConfigurationIsVisible = 0;
			defaultConfigurationName = Release;
		};
/* End XCConfigurationList section */
	};
	rootObject = F8E422AB138834E90047AA8C /* Project object */;
}
